
Microsoft Visual Studio Solution File, Format Version 12.00
# Visual Studio Version 18
VisualStudioVersion = 18.2.11415.280
MinimumVisualStudioVersion = 10.0.40219.1
Project("{FAE04EC0-301F-11D3-BF4B-00C04F79EFBC}") = "SiNetProjectManagerV2", "SiNetProjectManagerV2\SiNetProjectManagerV2.csproj", "{241FF7B8-2DDB-48F2-980B-13F432A09D83}"
EndProject
Project("{FAE04EC0-301F-11D3-BF4B-00C04F79EFBC}") = "SiNetSQL", "..\SiNetSQL\SiNetSQL\SiNetSQL.csproj", "{B9717030-C54B-8FCB-DFF7-A3AAD68D9675}"
EndProject
Project("{FAE04EC0-301F-11D3-BF4B-00C04F79EFBC}") = "SiOffice.GoogleConnector", "..\AutodeskIntegration\SiOffice.GoogleConnector\SiOffice.GoogleConnector.csproj", "{89165264-A216-F15A-A1C7-B2B780BE872D}"
EndProject
Project("{FAE04EC0-301F-11D3-BF4B-00C04F79EFBC}") = "SiOffice.AutodeskConnector", "..\AutodeskIntegration\SiOffice.AutodeskConnector\SiOffice.AutodeskConnector.csproj", "{BAD10B10-8048-4AF7-06EF-F380C9BD0141}"
EndProject
Project("{FAE04EC0-301F-11D3-BF4B-00C04F79EFBC}") = "SiMasterPlanWeb", "SiMasterPlanWeb\SiMasterPlanWeb.csproj", "{6695346F-4BA6-415E-B2FE-A3959CAEC38E}"
EndProject
Project("{FAE04EC0-301F-11D3-BF4B-00C04F79EFBC}") = "MasterPlan.SyncEngine", "MasterPlan.SyncEngine\MasterPlan.SyncEngine.csproj", "{C075BE7D-0E6D-4E1A-BB4A-B78FACB20E87}"
EndProject
Project("{FAE04EC0-301F-11D3-BF4B-00C04F79EFBC}") = "BenchmarkSuite1", "BenchmarkSuite1\BenchmarkSuite1.csproj", "{A20861A9-411E-6150-BF5C-69E8196E5D22}"
EndProject
Project("{FAE04EC0-301F-11D3-BF4B-00C04F79EFBC}") = "SiNetSQL.Tests", "..\SiNetSQL\SiNetSQL.Tests\SiNetSQL.Tests.csproj", "{EC6B0679-3E33-46D1-9053-B296759DF419}"
EndProject
Project("{FAE04EC0-301F-11D3-BF4B-00C04F79EFBC}") = "SiNetSQL.E2ETests", "..\SiNetSQL\SiNetSQL.E2ETests\SiNetSQL.E2ETests.csproj", "{DEA17939-8C03-4EB7-84BC-9B9110B47878}"
EndProject
Project("{FAE04EC0-301F-11D3-BF4B-00C04F79EFBC}") = "SiOffice.AccService", "SiOffice.AccService\SiOffice.AccService.csproj", "{4C55C179-8E05-4FE6-BD7C-B11F0BD755D0}"
EndProject
Project("{FAE04EC0-301F-11D3-BF4B-00C04F79EFBC}") = "SiNet.SecretImport", "SiNet.SecretImport\SiNet.SecretImport.csproj", "{9CF21F58-D83E-430A-91B3-32628BC26420}"
EndProject
Project("{2150E333-8FDC-42A3-9474-1A3956D46DE8}") = "Docs and Scripts", "Docs and Scripts", "{4F2D7C5A-A111-4B22-9D33-DC10A11FF111}"
	ProjectSection(SolutionItems) = preProject
		DEPLOYMENT.md = DEPLOYMENT.md
		SECRETS-MANAGEMENT.md = SECRETS-MANAGEMENT.md
		publish-all.ps1 = publish-all.ps1
		SiOffice.AccService\publish-service.ps1 = SiOffice.AccService\publish-service.ps1
		SiOffice.AccService\Install-OnServer.ps1 = SiOffice.AccService\Install-OnServer.ps1
		MasterPlan.SyncEngine\publish-console.ps1 = MasterPlan.SyncEngine\publish-console.ps1
		SiNetProjectManagerV2\publish-desktop.ps1 = SiNetProjectManagerV2\publish-desktop.ps1
		SiNet.SecretImport\publish-tool.ps1 = SiNet.SecretImport\publish-tool.ps1
	EndProjectSection
EndProject
Project("{2150E333-8FDC-42A3-9474-1A3956D46DE8}") = "SiNet (new architecture)", "SiNet (new architecture)", "{28845A44-F061-48B9-40B4-CE1369EB89C2}"
EndProject
Project("{FAE04EC0-301F-11D3-BF4B-00C04F79EFBC}") = "SiNet.Domain", "src\SiNet.Domain\SiNet.Domain.csproj", "{84755C69-2EA6-4975-8496-AAD5AEF5EB24}"
EndProject
Project("{FAE04EC0-301F-11D3-BF4B-00C04F79EFBC}") = "SiNet.Application", "src\SiNet.Application\SiNet.Application.csproj", "{57EB3CE2-3288-4DF2-AC29-0F7F9C0CEC64}"
EndProject
Project("{FAE04EC0-301F-11D3-BF4B-00C04F79EFBC}") = "SiNet.Infrastructure.Sql", "src\SiNet.Infrastructure.Sql\SiNet.Infrastructure.Sql.csproj", "{571EE707-E3FA-425D-8158-8E59D3AB8445}"
EndProject
Project("{FAE04EC0-301F-11D3-BF4B-00C04F79EFBC}") = "SiNet.Infrastructure.Google", "src\SiNet.Infrastructure.Google\SiNet.Infrastructure.Google.csproj", "{9351D463-264B-479F-9452-60587BDA4C67}"
EndProject
Project("{FAE04EC0-301F-11D3-BF4B-00C04F79EFBC}") = "SiNet.Infrastructure.Autodesk", "src\SiNet.Infrastructure.Autodesk\SiNet.Infrastructure.Autodesk.csproj", "{1652D5CB-9E6E-412E-81A9-CD8B69D39754}"
EndProject
Project("{FAE04EC0-301F-11D3-BF4B-00C04F79EFBC}") = "SiNet.Infrastructure.FileSystem", "src\SiNet.Infrastructure.FileSystem\SiNet.Infrastructure.FileSystem.csproj", "{417E4563-3359-4D5B-A9E9-8E08CDB73242}"
EndProject
Project("{FAE04EC0-301F-11D3-BF4B-00C04F79EFBC}") = "SiNet.Infrastructure.Logging", "src\SiNet.Infrastructure.Logging\SiNet.Infrastructure.Logging.csproj", "{8F25F660-C47E-4569-8760-38A29101572B}"
EndProject
Project("{FAE04EC0-301F-11D3-BF4B-00C04F79EFBC}") = "SiNet.LegacyBridge", "src\SiNet.LegacyBridge\SiNet.LegacyBridge.csproj", "{2D7BABB7-BEDC-4BF9-A782-8838A10018BA}"
EndProject
Project("{FAE04EC0-301F-11D3-BF4B-00C04F79EFBC}") = "SiNet.App.Composition", "src\SiNet.App.Composition\SiNet.App.Composition.csproj", "{308797B8-A870-4DDB-973F-857D218DDB8A}"
EndProject
Project("{FAE04EC0-301F-11D3-BF4B-00C04F79EFBC}") = "SiNet.App.Wpf", "src\SiNet.App.Wpf\SiNet.App.Wpf.csproj", "{6DD73C87-AB41-45E7-A21D-FC82F09BAB19}"
EndProject
Project("{2150E333-8FDC-42A3-9474-1A3956D46DE8}") = "src", "src", "{827E0CD3-B72D-47B6-A68D-7590B98EB39B}"
EndProject
Project("{FAE04EC0-301F-11D3-BF4B-00C04F79EFBC}") = "SiNet.Infrastructure.Google.Tests", "src\SiNet.Infrastructure.Google.Tests\SiNet.Infrastructure.Google.Tests.csproj", "{563C8CBA-E56B-4B99-842B-90A67E155759}"
EndProject
Project("{FAE04EC0-301F-11D3-BF4B-00C04F79EFBC}") = "SiNet.LegacyBridge.Tests", "src\SiNet.LegacyBridge.Tests\SiNet.LegacyBridge.Tests.csproj", "{04881691-B9F2-42E4-BBA1-DAEE9580D277}"
EndProject
Project("{FAE04EC0-301F-11D3-BF4B-00C04F79EFBC}") = "SiNet.App.Wpf.Tests", "src\SiNet.App.Wpf.Tests\SiNet.App.Wpf.Tests.csproj", "{01E09C2A-3405-4540-82E3-78B93B96577C}"
EndProject
Project("{FAE04EC0-301F-11D3-BF4B-00C04F79EFBC}") = "SiOffice.AccService.Contracts", "src\SiOffice.AccService.Contracts\SiOffice.AccService.Contracts.csproj", "{16EB95A7-8135-4EDA-9223-2F819D4F9A76}"
EndProject
Global
	GlobalSection(SolutionConfigurationPlatforms) = preSolution
		Debug|Any CPU = Debug|Any CPU
		Debug|x64 = Debug|x64
		Debug|x86 = Debug|x86
		Release|Any CPU = Release|Any CPU
		Release|x64 = Release|x64
		Release|x86 = Release|x86
	EndGlobalSection
	GlobalSection(ProjectConfigurationPlatforms) = postSolution
		{241FF7B8-2DDB-48F2-980B-13F432A09D83}.Debug|Any CPU.ActiveCfg = Debug|Any CPU
		{241FF7B8-2DDB-48F2-980B-13F432A09D83}.Debug|Any CPU.Build.0 = Debug|Any CPU
		{241FF7B8-2DDB-48F2-980B-13F432A09D83}.Debug|x64.ActiveCfg = Debug|x64
		{241FF7B8-2DDB-48F2-980B-13F432A09D83}.Debug|x64.Build.0 = Debug|x64
		{241FF7B8-2DDB-48F2-980B-13F432A09D83}.Debug|x86.ActiveCfg = Debug|Any CPU
		{241FF7B8-2DDB-48F2-980B-13F432A09D83}.Debug|x86.Build.0 = Debug|Any CPU
		{241FF7B8-2DDB-48F2-980B-13F432A09D83}.Release|Any CPU.ActiveCfg = Release|Any CPU
		{241FF7B8-2DDB-48F2-980B-13F432A09D83}.Release|Any CPU.Build.0 = Release|Any CPU
		{241FF7B8-2DDB-48F2-980B-13F432A09D83}.Release|x64.ActiveCfg = Release|x64
		{241FF7B8-2DDB-48F2-980B-13F432A09D83}.Release|x64.Build.0 = Release|x64
		{241FF7B8-2DDB-48F2-980B-13F432A09D83}.Release|x86.ActiveCfg = Release|Any CPU
		{241FF7B8-2DDB-48F2-980B-13F432A09D83}.Release|x86.Build.0 = Release|Any CPU
		{B9717030-C54B-8FCB-DFF7-A3AAD68D9675}.Debug|Any CPU.ActiveCfg = Debug|Any CPU
		{B9717030-C54B-8FCB-DFF7-A3AAD68D9675}.Debug|Any CPU.Build.0 = Debug|Any CPU
		{B9717030-C54B-8FCB-DFF7-A3AAD68D9675}.Debug|x64.ActiveCfg = Debug|Any CPU
		{B9717030-C54B-8FCB-DFF7-A3AAD68D9675}.Debug|x64.Build.0 = Debug|Any CPU
		{B9717030-C54B-8FCB-DFF7-A3AAD68D9675}.Debug|x86.ActiveCfg = Debug|Any CPU
		{B9717030-C54B-8FCB-DFF7-A3AAD68D9675}.Debug|x86.Build.0 = Debug|Any CPU
		{B9717030-C54B-8FCB-DFF7-A3AAD68D9675}.Release|Any CPU.ActiveCfg = Release|Any CPU
		{B9717030-C54B-8FCB-DFF7-A3AAD68D9675}.Release|Any CPU.Build.0 = Release|Any CPU
		{B9717030-C54B-8FCB-DFF7-A3AAD68D9675}.Release|x64.ActiveCfg = Release|Any CPU
		{B9717030-C54B-8FCB-DFF7-A3AAD68D9675}.Release|x64.Build.0 = Release|Any CPU
		{B9717030-C54B-8FCB-DFF7-A3AAD68D9675}.Release|x86.ActiveCfg = Release|Any CPU
		{B9717030-C54B-8FCB-DFF7-A3AAD68D9675}.Release|x86.Build.0 = Release|Any CPU
		{89165264-A216-F15A-A1C7-B2B780BE872D}.Debug|Any CPU.ActiveCfg = Debug|Any CPU
		{89165264-A216-F15A-A1C7-B2B780BE872D}.Debug|Any CPU.Build.0 = Debug|Any CPU
		{89165264-A216-F15A-A1C7-B2B780BE872D}.Debug|x64.ActiveCfg = Debug|Any CPU
		{89165264-A216-F15A-A1C7-B2B780BE872D}.Debug|x64.Build.0 = Debug|Any CPU
		{89165264-A216-F15A-A1C7-B2B780BE872D}.Debug|x86.ActiveCfg = Debug|Any CPU
		{89165264-A216-F15A-A1C7-B2B780BE872D}.Debug|x86.Build.0 = Debug|Any CPU
		{89165264-A216-F15A-A1C7-B2B780BE872D}.Release|Any CPU.ActiveCfg = Release|Any CPU
		{89165264-A216-F15A-A1C7-B2B780BE872D}.Release|Any CPU.Build.0 = Release|Any CPU
		{89165264-A216-F15A-A1C7-B2B780BE872D}.Release|x64.ActiveCfg = Release|Any CPU
		{89165264-A216-F15A-A1C7-B2B780BE872D}.Release|x64.Build.0 = Release|Any CPU
		{89165264-A216-F15A-A1C7-B2B780BE872D}.Release|x86.ActiveCfg = Release|Any CPU
		{89165264-A216-F15A-A1C7-B2B780BE872D}.Release|x86.Build.0 = Release|Any CPU
		{BAD10B10-8048-4AF7-06EF-F380C9BD0141}.Debug|Any CPU.ActiveCfg = Debug|Any CPU
		{BAD10B10-8048-4AF7-06EF-F380C9BD0141}.Debug|Any CPU.Build.0 = Debug|Any CPU
		{BAD10B10-8048-4AF7-06EF-F380C9BD0141}.Debug|x64.ActiveCfg = Debug|Any CPU
		{BAD10B10-8048-4AF7-06EF-F380C9BD0141}.Debug|x64.Build.0 = Debug|Any CPU
		{BAD10B10-8048-4AF7-06EF-F380C9BD0141}.Debug|x86.ActiveCfg = Debug|Any CPU
		{BAD10B10-8048-4AF7-06EF-F380C9BD0141}.Debug|x86.Build.0 = Debug|Any CPU
		{BAD10B10-8048-4AF7-06EF-F380C9BD0141}.Release|Any CPU.ActiveCfg = Release|Any CPU
		{BAD10B10-8048-4AF7-06EF-F380C9BD0141}.Release|Any CPU.Build.0 = Release|Any CPU
		{BAD10B10-8048-4AF7-06EF-F380C9BD0141}.Release|x64.ActiveCfg = Release|Any CPU
		{BAD10B10-8048-4AF7-06EF-F380C9BD0141}.Release|x64.Build.0 = Release|Any CPU
		{BAD10B10-8048-4AF7-06EF-F380C9BD0141}.Release|x86.ActiveCfg = Release|Any CPU
		{BAD10B10-8048-4AF7-06EF-F380C9BD0141}.Release|x86.Build.0 = Release|Any CPU
		{6695346F-4BA6-415E-B2FE-A3959CAEC38E}.Debug|Any CPU.ActiveCfg = Debug|Any CPU
		{6695346F-4BA6-415E-B2FE-A3959CAEC38E}.Debug|Any CPU.Build.0 = Debug|Any CPU
		{6695346F-4BA6-415E-B2FE-A3959CAEC38E}.Debug|x64.ActiveCfg = Debug|Any CPU
		{6695346F-4BA6-415E-B2FE-A3959CAEC38E}.Debug|x64.Build.0 = Debug|Any CPU
		{6695346F-4BA6-415E-B2FE-A3959CAEC38E}.Debug|x86.ActiveCfg = Debug|Any CPU
		{6695346F-4BA6-415E-B2FE-A3959CAEC38E}.Debug|x86.Build.0 = Debug|Any CPU
		{6695346F-4BA6-415E-B2FE-A3959CAEC38E}.Release|Any CPU.ActiveCfg = Release|Any CPU
		{6695346F-4BA6-415E-B2FE-A3959CAEC38E}.Release|Any CPU.Build.0 = Release|Any CPU
		{6695346F-4BA6-415E-B2FE-A3959CAEC38E}.Release|x64.ActiveCfg = Release|Any CPU
		{6695346F-4BA6-415E-B2FE-A3959CAEC38E}.Release|x64.Build.0 = Release|Any CPU
		{6695346F-4BA6-415E-B2FE-A3959CAEC38E}.Release|x86.ActiveCfg = Release|Any CPU
		{6695346F-4BA6-415E-B2FE-A3959CAEC38E}.Release|x86.Build.0 = Release|Any CPU
		{C075BE7D-0E6D-4E1A-BB4A-B78FACB20E87}.Debug|Any CPU.ActiveCfg = Debug|Any CPU
		{C075BE7D-0E6D-4E1A-BB4A-B78FACB20E87}.Debug|Any CPU.Build.0 = Debug|Any CPU
		{C075BE7D-0E6D-4E1A-BB4A-B78FACB20E87}.Debug|x64.ActiveCfg = Debug|Any CPU
		{C075BE7D-0E6D-4E1A-BB4A-B78FACB20E87}.Debug|x64.Build.0 = Debug|Any CPU
		{C075BE7D-0E6D-4E1A-BB4A-B78FACB20E87}.Debug|x86.ActiveCfg = Debug|Any CPU
		{C075BE7D-0E6D-4E1A-BB4A-B78FACB20E87}.Debug|x86.Build.0 = Debug|Any CPU
		{C075BE7D-0E6D-4E1A-BB4A-B78FACB20E87}.Release|Any CPU.ActiveCfg = Release|Any CPU
		{C075BE7D-0E6D-4E1A-BB4A-B78FACB20E87}.Release|Any CPU.Build.0 = Release|Any CPU
		{C075BE7D-0E6D-4E1A-BB4A-B78FACB20E87}.Release|x64.ActiveCfg = Release|Any CPU
		{C075BE7D-0E6D-4E1A-BB4A-B78FACB20E87}.Release|x64.Build.0 = Release|Any CPU
		{C075BE7D-0E6D-4E1A-BB4A-B78FACB20E87}.Release|x86.ActiveCfg = Release|Any CPU
		{C075BE7D-0E6D-4E1A-BB4A-B78FACB20E87}.Release|x86.Build.0 = Release|Any CPU
		{A20861A9-411E-6150-BF5C-69E8196E5D22}.Debug|Any CPU.ActiveCfg = Debug|Any CPU
		{A20861A9-411E-6150-BF5C-69E8196E5D22}.Debug|Any CPU.Build.0 = Debug|Any CPU
		{A20861A9-411E-6150-BF5C-69E8196E5D22}.Debug|x64.ActiveCfg = Debug|Any CPU
		{A20861A9-411E-6150-BF5C-69E8196E5D22}.Debug|x64.Build.0 = Debug|Any CPU
		{A20861A9-411E-6150-BF5C-69E8196E5D22}.Debug|x86.ActiveCfg = Debug|Any CPU
		{A20861A9-411E-6150-BF5C-69E8196E5D22}.Debug|x86.Build.0 = Debug|Any CPU
		{A20861A9-411E-6150-BF5C-69E8196E5D22}.Release|Any CPU.ActiveCfg = Release|Any CPU
		{A20861A9-411E-6150-BF5C-69E8196E5D22}.Release|Any CPU.Build.0 = Release|Any CPU
		{A20861A9-411E-6150-BF5C-69E8196E5D22}.Release|x64.ActiveCfg = Release|Any CPU
		{A20861A9-411E-6150-BF5C-69E8196E5D22}.Release|x64.Build.0 = Release|Any CPU
		{A20861A9-411E-6150-BF5C-69E8196E5D22}.Release|x86.ActiveCfg = Release|Any CPU
		{A20861A9-411E-6150-BF5C-69E8196E5D22}.Release|x86.Build.0 = Release|Any CPU
		{EC6B0679-3E33-46D1-9053-B296759DF419}.Debug|Any CPU.ActiveCfg = Debug|Any CPU
		{EC6B0679-3E33-46D1-9053-B296759DF419}.Debug|Any CPU.Build.0 = Debug|Any CPU
		{EC6B0679-3E33-46D1-9053-B296759DF419}.Debug|x64.ActiveCfg = Debug|Any CPU
		{EC6B0679-3E33-46D1-9053-B296759DF419}.Debug|x64.Build.0 = Debug|Any CPU
		{EC6B0679-3E33-46D1-9053-B296759DF419}.Debug|x86.ActiveCfg = Debug|Any CPU
		{EC6B0679-3E33-46D1-9053-B296759DF419}.Debug|x86.Build.0 = Debug|Any CPU
		{EC6B0679-3E33-46D1-9053-B296759DF419}.Release|Any CPU.ActiveCfg = Release|Any CPU
		{EC6B0679-3E33-46D1-9053-B296759DF419}.Release|Any CPU.Build.0 = Release|Any CPU
		{EC6B0679-3E33-46D1-9053-B296759DF419}.Release|x64.ActiveCfg = Release|Any CPU
		{EC6B0679-3E33-46D1-9053-B296759DF419}.Release|x64.Build.0 = Release|Any CPU
		{EC6B0679-3E33-46D1-9053-B296759DF419}.Release|x86.ActiveCfg = Release|Any CPU
		{EC6B0679-3E33-46D1-9053-B296759DF419}.Release|x86.Build.0 = Release|Any CPU
		{DEA17939-8C03-4EB7-84BC-9B9110B47878}.Debug|Any CPU.ActiveCfg = Debug|Any CPU
		{DEA17939-8C03-4EB7-84BC-9B9110B47878}.Debug|Any CPU.Build.0 = Debug|Any CPU
		{DEA17939-8C03-4EB7-84BC-9B9110B47878}.Debug|x64.ActiveCfg = Debug|Any CPU
		{DEA17939-8C03-4EB7-84BC-9B9110B47878}.Debug|x64.Build.0 = Debug|Any CPU
		{DEA17939-8C03-4EB7-84BC-9B9110B47878}.Debug|x86.ActiveCfg = Debug|Any CPU
		{DEA17939-8C03-4EB7-84BC-9B9110B47878}.Debug|x86.Build.0 = Debug|Any CPU
		{DEA17939-8C03-4EB7-84BC-9B9110B47878}.Release|Any CPU.ActiveCfg = Release|Any CPU
		{DEA17939-8C03-4EB7-84BC-9B9110B47878}.Release|Any CPU.Build.0 = Release|Any CPU
		{DEA17939-8C03-4EB7-84BC-9B9110B47878}.Release|x64.ActiveCfg = Release|Any CPU
		{DEA17939-8C03-4EB7-84BC-9B9110B47878}.Release|x64.Build.0 = Release|Any CPU
		{DEA17939-8C03-4EB7-84BC-9B9110B47878}.Release|x86.ActiveCfg = Release|Any CPU
		{DEA17939-8C03-4EB7-84BC-9B9110B47878}.Release|x86.Build.0 = Release|Any CPU
		{4C55C179-8E05-4FE6-BD7C-B11F0BD755D0}.Debug|Any CPU.ActiveCfg = Debug|Any CPU
		{4C55C179-8E05-4FE6-BD7C-B11F0BD755D0}.Debug|Any CPU.Build.0 = Debug|Any CPU
		{4C55C179-8E05-4FE6-BD7C-B11F0BD755D0}.Debug|x64.ActiveCfg = Debug|Any CPU
		{4C55C179-8E05-4FE6-BD7C-B11F0BD755D0}.Debug|x64.Build.0 = Debug|Any CPU
		{4C55C179-8E05-4FE6-BD7C-B11F0BD755D0}.Debug|x86.ActiveCfg = Debug|Any CPU
		{4C55C179-8E05-4FE6-BD7C-B11F0BD755D0}.Debug|x86.Build.0 = Debug|Any CPU
		{4C55C179-8E05-4FE6-BD7C-B11F0BD755D0}.Release|Any CPU.ActiveCfg = Release|Any CPU
		{4C55C179-8E05-4FE6-BD7C-B11F0BD755D0}.Release|Any CPU.Build.0 = Release|Any CPU
		{4C55C179-8E05-4FE6-BD7C-B11F0BD755D0}.Release|x64.ActiveCfg = Release|Any CPU
		{4C55C179-8E05-4FE6-BD7C-B11F0BD755D0}.Release|x64.Build.0 = Release|Any CPU
		{4C55C179-8E05-4FE6-BD7C-B11F0BD755D0}.Release|x86.ActiveCfg = Release|Any CPU
		{4C55C179-8E05-4FE6-BD7C-B11F0BD755D0}.Release|x86.Build.0 = Release|Any CPU
		{9CF21F58-D83E-430A-91B3-32628BC26420}.Debug|Any CPU.ActiveCfg = Debug|Any CPU
		{9CF21F58-D83E-430A-91B3-32628BC26420}.Debug|Any CPU.Build.0 = Debug|Any CPU
		{9CF21F58-D83E-430A-91B3-32628BC26420}.Debug|x64.ActiveCfg = Debug|Any CPU
		{9CF21F58-D83E-430A-91B3-32628BC26420}.Debug|x64.Build.0 = Debug|Any CPU
		{9CF21F58-D83E-430A-91B3-32628BC26420}.Debug|x86.ActiveCfg = Debug|Any CPU
		{9CF21F58-D83E-430A-91B3-32628BC26420}.Debug|x86.Build.0 = Debug|Any CPU
		{9CF21F58-D83E-430A-91B3-32628BC26420}.Release|Any CPU.ActiveCfg = Release|Any CPU
		{9CF21F58-D83E-430A-91B3-32628BC26420}.Release|Any CPU.Build.0 = Release|Any CPU
		{9CF21F58-D83E-430A-91B3-32628BC26420}.Release|x64.ActiveCfg = Release|Any CPU
		{9CF21F58-D83E-430A-91B3-32628BC26420}.Release|x64.Build.0 = Release|Any CPU
		{9CF21F58-D83E-430A-91B3-32628BC26420}.Release|x86.ActiveCfg = Release|Any CPU
		{9CF21F58-D83E-430A-91B3-32628BC26420}.Release|x86.Build.0 = Release|Any CPU
		{84755C69-2EA6-4975-8496-AAD5AEF5EB24}.Debug|Any CPU.ActiveCfg = Debug|Any CPU
		{84755C69-2EA6-4975-8496-AAD5AEF5EB24}.Debug|Any CPU.Build.0 = Debug|Any CPU
		{84755C69-2EA6-4975-8496-AAD5AEF5EB24}.Debug|x64.ActiveCfg = Debug|Any CPU
		{84755C69-2EA6-4975-8496-AAD5AEF5EB24}.Debug|x64.Build.0 = Debug|Any CPU
		{84755C69-2EA6-4975-8496-AAD5AEF5EB24}.Debug|x86.ActiveCfg = Debug|Any CPU
		{84755C69-2EA6-4975-8496-AAD5AEF5EB24}.Debug|x86.Build.0 = Debug|Any CPU
		{84755C69-2EA6-4975-8496-AAD5AEF5EB24}.Release|Any CPU.ActiveCfg = Release|Any CPU
		{84755C69-2EA6-4975-8496-AAD5AEF5EB24}.Release|Any CPU.Build.0 = Release|Any CPU
		{84755C69-2EA6-4975-8496-AAD5AEF5EB24}.Release|x64.ActiveCfg = Release|Any CPU
		{84755C69-2EA6-4975-8496-AAD5AEF5EB24}.Release|x64.Build.0 = Release|Any CPU
		{84755C69-2EA6-4975-8496-AAD5AEF5EB24}.Release|x86.ActiveCfg = Release|Any CPU
		{84755C69-2EA6-4975-8496-AAD5AEF5EB24}.Release|x86.Build.0 = Release|Any CPU
		{57EB3CE2-3288-4DF2-AC29-0F7F9C0CEC64}.Debug|Any CPU.ActiveCfg = Debug|Any CPU
		{57EB3CE2-3288-4DF2-AC29-0F7F9C0CEC64}.Debug|Any CPU.Build.0 = Debug|Any CPU
		{57EB3CE2-3288-4DF2-AC29-0F7F9C0CEC64}.Debug|x64.ActiveCfg = Debug|Any CPU
		{57EB3CE2-3288-4DF2-AC29-0F7F9C0CEC64}.Debug|x64.Build.0 = Debug|Any CPU
		{57EB3CE2-3288-4DF2-AC29-0F7F9C0CEC64}.Debug|x86.ActiveCfg = Debug|Any CPU
		{57EB3CE2-3288-4DF2-AC29-0F7F9C0CEC64}.Debug|x86.Build.0 = Debug|Any CPU
		{57EB3CE2-3288-4DF2-AC29-0F7F9C0CEC64}.Release|Any CPU.ActiveCfg = Release|Any CPU
		{57EB3CE2-3288-4DF2-AC29-0F7F9C0CEC64}.Release|Any CPU.Build.0 = Release|Any CPU
		{57EB3CE2-3288-4DF2-AC29-0F7F9C0CEC64}.Release|x64.ActiveCfg = Release|Any CPU
		{57EB3CE2-3288-4DF2-AC29-0F7F9C0CEC64}.Release|x64.Build.0 = Release|Any CPU
		{57EB3CE2-3288-4DF2-AC29-0F7F9C0CEC64}.Release|x86.ActiveCfg = Release|Any CPU
		{57EB3CE2-3288-4DF2-AC29-0F7F9C0CEC64}.Release|x86.Build.0 = Release|Any CPU
		{571EE707-E3FA-425D-8158-8E59D3AB8445}.Debug|Any CPU.ActiveCfg = Debug|Any CPU
		{571EE707-E3FA-425D-8158-8E59D3AB8445}.Debug|Any CPU.Build.0 = Debug|Any CPU
		{571EE707-E3FA-425D-8158-8E59D3AB8445}.Debug|x64.ActiveCfg = Debug|Any CPU
		{571EE707-E3FA-425D-8158-8E59D3AB8445}.Debug|x64.Build.0 = Debug|Any CPU
		{571EE707-E3FA-425D-8158-8E59D3AB8445}.Debug|x86.ActiveCfg = Debug|Any CPU
		{571EE707-E3FA-425D-8158-8E59D3AB8445}.Debug|x86.Build.0 = Debug|Any CPU
		{571EE707-E3FA-425D-8158-8E59D3AB8445}.Release|Any CPU.ActiveCfg = Release|Any CPU
		{571EE707-E3FA-425D-8158-8E59D3AB8445}.Release|Any CPU.Build.0 = Release|Any CPU
		{571EE707-E3FA-425D-8158-8E59D3AB8445}.Release|x64.ActiveCfg = Release|Any CPU
		{571EE707-E3FA-425D-8158-8E59D3AB8445}.Release|x64.Build.0 = Release|Any CPU
		{571EE707-E3FA-425D-8158-8E59D3AB8445}.Release|x86.ActiveCfg = Release|Any CPU
		{571EE707-E3FA-425D-8158-8E59D3AB8445}.Release|x86.Build.0 = Release|Any CPU
		{9351D463-264B-479F-9452-60587BDA4C67}.Debug|Any CPU.ActiveCfg = Debug|Any CPU
		{9351D463-264B-479F-9452-60587BDA4C67}.Debug|Any CPU.Build.0 = Debug|Any CPU
		{9351D463-264B-479F-9452-60587BDA4C67}.Debug|x64.ActiveCfg = Debug|Any CPU
		{9351D463-264B-479F-9452-60587BDA4C67}.Debug|x64.Build.0 = Debug|Any CPU
		{9351D463-264B-479F-9452-60587BDA4C67}.Debug|x86.ActiveCfg = Debug|Any CPU
		{9351D463-264B-479F-9452-60587BDA4C67}.Debug|x86.Build.0 = Debug|Any CPU
		{9351D463-264B-479F-9452-60587BDA4C67}.Release|Any CPU.ActiveCfg = Release|Any CPU
		{9351D463-264B-479F-9452-60587BDA4C67}.Release|Any CPU.Build.0 = Release|Any CPU
		{9351D463-264B-479F-9452-60587BDA4C67}.Release|x64.ActiveCfg = Release|Any CPU
		{9351D463-264B-479F-9452-60587BDA4C67}.Release|x64.Build.0 = Release|Any CPU
		{9351D463-264B-479F-9452-60587BDA4C67}.Release|x86.ActiveCfg = Release|Any CPU
		{9351D463-264B-479F-9452-60587BDA4C67}.Release|x86.Build.0 = Release|Any CPU
		{1652D5CB-9E6E-412E-81A9-CD8B69D39754}.Debug|Any CPU.ActiveCfg = Debug|Any CPU
		{1652D5CB-9E6E-412E-81A9-CD8B69D39754}.Debug|Any CPU.Build.0 = Debug|Any CPU
		{1652D5CB-9E6E-412E-81A9-CD8B69D39754}.Debug|x64.ActiveCfg = Debug|Any CPU
		{1652D5CB-9E6E-412E-81A9-CD8B69D39754}.Debug|x64.Build.0 = Debug|Any CPU
		{1652D5CB-9E6E-412E-81A9-CD8B69D39754}.Debug|x86.ActiveCfg = Debug|Any CPU
		{1652D5CB-9E6E-412E-81A9-CD8B69D39754}.Debug|x86.Build.0 = Debug|Any CPU
		{1652D5CB-9E6E-412E-81A9-CD8B69D39754}.Release|Any CPU.ActiveCfg = Release|Any CPU
		{1652D5CB-9E6E-412E-81A9-CD8B69D39754}.Release|Any CPU.Build.0 = Release|Any CPU
		{1652D5CB-9E6E-412E-81A9-CD8B69D39754}.Release|x64.ActiveCfg = Release|Any CPU
		{1652D5CB-9E6E-412E-81A9-CD8B69D39754}.Release|x64.Build.0 = Release|Any CPU
		{1652D5CB-9E6E-412E-81A9-CD8B69D39754}.Release|x86.ActiveCfg = Release|Any CPU
		{1652D5CB-9E6E-412E-81A9-CD8B69D39754}.Release|x86.Build.0 = Release|Any CPU
		{417E4563-3359-4D5B-A9E9-8E08CDB73242}.Debug|Any CPU.ActiveCfg = Debug|Any CPU
		{417E4563-3359-4D5B-A9E9-8E08CDB73242}.Debug|Any CPU.Build.0 = Debug|Any CPU
		{417E4563-3359-4D5B-A9E9-8E08CDB73242}.Debug|x64.ActiveCfg = Debug|Any CPU
		{417E4563-3359-4D5B-A9E9-8E08CDB73242}.Debug|x64.Build.0 = Debug|Any CPU
		{417E4563-3359-4D5B-A9E9-8E08CDB73242}.Debug|x86.ActiveCfg = Debug|Any CPU
		{417E4563-3359-4D5B-A9E9-8E08CDB73242}.Debug|x86.Build.0 = Debug|Any CPU
		{417E4563-3359-4D5B-A9E9-8E08CDB73242}.Release|Any CPU.ActiveCfg = Release|Any CPU
		{417E4563-3359-4D5B-A9E9-8E08CDB73242}.Release|Any CPU.Build.0 = Release|Any CPU
		{417E4563-3359-4D5B-A9E9-8E08CDB73242}.Release|x64.ActiveCfg = Release|Any CPU
		{417E4563-3359-4D5B-A9E9-8E08CDB73242}.Release|x64.Build.0 = Release|Any CPU
		{417E4563-3359-4D5B-A9E9-8E08CDB73242}.Release|x86.ActiveCfg = Release|Any CPU
		{417E4563-3359-4D5B-A9E9-8E08CDB73242}.Release|x86.Build.0 = Release|Any CPU
		{8F25F660-C47E-4569-8760-38A29101572B}.Debug|Any CPU.ActiveCfg = Debug|Any CPU
		{8F25F660-C47E-4569-8760-38A29101572B}.Debug|Any CPU.Build.0 = Debug|Any CPU
		{8F25F660-C47E-4569-8760-38A29101572B}.Debug|x64.ActiveCfg = Debug|Any CPU
		{8F25F660-C47E-4569-8760-38A29101572B}.Debug|x64.Build.0 = Debug|Any CPU
		{8F25F660-C47E-4569-8760-38A29101572B}.Debug|x86.ActiveCfg = Debug|Any CPU
		{8F25F660-C47E-4569-8760-38A29101572B}.Debug|x86.Build.0 = Debug|Any CPU
		{8F25F660-C47E-4569-8760-38A29101572B}.Release|Any CPU.ActiveCfg = Release|Any CPU
		{8F25F660-C47E-4569-8760-38A29101572B}.Release|Any CPU.Build.0 = Release|Any CPU
		{8F25F660-C47E-4569-8760-38A29101572B}.Release|x64.ActiveCfg = Release|Any CPU
		{8F25F660-C47E-4569-8760-38A29101572B}.Release|x64.Build.0 = Release|Any CPU
		{8F25F660-C47E-4569-8760-38A29101572B}.Release|x86.ActiveCfg = Release|Any CPU
		{8F25F660-C47E-4569-8760-38A29101572B}.Release|x86.Build.0 = Release|Any CPU
		{2D7BABB7-BEDC-4BF9-A782-8838A10018BA}.Debug|Any CPU.ActiveCfg = Debug|Any CPU
		{2D7BABB7-BEDC-4BF9-A782-8838A10018BA}.Debug|Any CPU.Build.0 = Debug|Any CPU
		{2D7BABB7-BEDC-4BF9-A782-8838A10018BA}.Debug|x64.ActiveCfg = Debug|Any CPU
		{2D7BABB7-BEDC-4BF9-A782-8838A10018BA}.Debug|x64.Build.0 = Debug|Any CPU
		{2D7BABB7-BEDC-4BF9-A782-8838A10018BA}.Debug|x86.ActiveCfg = Debug|Any CPU
		{2D7BABB7-BEDC-4BF9-A782-8838A10018BA}.Debug|x86.Build.0 = Debug|Any CPU
		{2D7BABB7-BEDC-4BF9-A782-8838A10018BA}.Release|Any CPU.ActiveCfg = Release|Any CPU
		{2D7BABB7-BEDC-4BF9-A782-8838A10018BA}.Release|Any CPU.Build.0 = Release|Any CPU
		{2D7BABB7-BEDC-4BF9-A782-8838A10018BA}.Release|x64.ActiveCfg = Release|Any CPU
		{2D7BABB7-BEDC-4BF9-A782-8838A10018BA}.Release|x64.Build.0 = Release|Any CPU
		{2D7BABB7-BEDC-4BF9-A782-8838A10018BA}.Release|x86.ActiveCfg = Release|Any CPU
		{2D7BABB7-BEDC-4BF9-A782-8838A10018BA}.Release|x86.Build.0 = Release|Any CPU
		{308797B8-A870-4DDB-973F-857D218DDB8A}.Debug|Any CPU.ActiveCfg = Debug|Any CPU
		{308797B8-A870-4DDB-973F-857D218DDB8A}.Debug|Any CPU.Build.0 = Debug|Any CPU
		{308797B8-A870-4DDB-973F-857D218DDB8A}.Debug|x64.ActiveCfg = Debug|Any CPU
		{308797B8-A870-4DDB-973F-857D218DDB8A}.Debug|x64.Build.0 = Debug|Any CPU
		{308797B8-A870-4DDB-973F-857D218DDB8A}.Debug|x86.ActiveCfg = Debug|Any CPU
		{308797B8-A870-4DDB-973F-857D218DDB8A}.Debug|x86.Build.0 = Debug|Any CPU
		{308797B8-A870-4DDB-973F-857D218DDB8A}.Release|Any CPU.ActiveCfg = Release|Any CPU
		{308797B8-A870-4DDB-973F-857D218DDB8A}.Release|Any CPU.Build.0 = Release|Any CPU
		{308797B8-A870-4DDB-973F-857D218DDB8A}.Release|x64.ActiveCfg = Release|Any CPU
		{308797B8-A870-4DDB-973F-857D218DDB8A}.Release|x64.Build.0 = Release|Any CPU
		{308797B8-A870-4DDB-973F-857D218DDB8A}.Release|x86.ActiveCfg = Release|Any CPU
		{308797B8-A870-4DDB-973F-857D218DDB8A}.Release|x86.Build.0 = Release|Any CPU
		{6DD73C87-AB41-45E7-A21D-FC82F09BAB19}.Debug|Any CPU.ActiveCfg = Debug|Any CPU
		{6DD73C87-AB41-45E7-A21D-FC82F09BAB19}.Debug|Any CPU.Build.0 = Debug|Any CPU
		{6DD73C87-AB41-45E7-A21D-FC82F09BAB19}.Debug|x64.ActiveCfg = Debug|Any CPU
		{6DD73C87-AB41-45E7-A21D-FC82F09BAB19}.Debug|x64.Build.0 = Debug|Any CPU
		{6DD73C87-AB41-45E7-A21D-FC82F09BAB19}.Debug|x86.ActiveCfg = Debug|Any CPU
		{6DD73C87-AB41-45E7-A21D-FC82F09BAB19}.Debug|x86.Build.0 = Debug|Any CPU
		{6DD73C87-AB41-45E7-A21D-FC82F09BAB19}.Release|Any CPU.ActiveCfg = Release|Any CPU
		{6DD73C87-AB41-45E7-A21D-FC82F09BAB19}.Release|Any CPU.Build.0 = Release|Any CPU
		{6DD73C87-AB41-45E7-A21D-FC82F09BAB19}.Release|x64.ActiveCfg = Release|Any CPU
		{6DD73C87-AB41-45E7-A21D-FC82F09BAB19}.Release|x64.Build.0 = Release|Any CPU
		{6DD73C87-AB41-45E7-A21D-FC82F09BAB19}.Release|x86.ActiveCfg = Release|Any CPU
		{6DD73C87-AB41-45E7-A21D-FC82F09BAB19}.Release|x86.Build.0 = Release|Any CPU
		{563C8CBA-E56B-4B99-842B-90A67E155759}.Debug|Any CPU.ActiveCfg = Debug|Any CPU
		{563C8CBA-E56B-4B99-842B-90A67E155759}.Debug|Any CPU.Build.0 = Debug|Any CPU
		{563C8CBA-E56B-4B99-842B-90A67E155759}.Debug|x64.ActiveCfg = Debug|Any CPU
		{563C8CBA-E56B-4B99-842B-90A67E155759}.Debug|x64.Build.0 = Debug|Any CPU
		{563C8CBA-E56B-4B99-842B-90A67E155759}.Debug|x86.ActiveCfg = Debug|Any CPU
		{563C8CBA-E56B-4B99-842B-90A67E155759}.Debug|x86.Build.0 = Debug|Any CPU
		{563C8CBA-E56B-4B99-842B-90A67E155759}.Release|Any CPU.ActiveCfg = Release|Any CPU
		{563C8CBA-E56B-4B99-842B-90A67E155759}.Release|Any CPU.Build.0 = Release|Any CPU
		{563C8CBA-E56B-4B99-842B-90A67E155759}.Release|x64.ActiveCfg = Release|Any CPU
		{563C8CBA-E56B-4B99-842B-90A67E155759}.Release|x64.Build.0 = Release|Any CPU
		{563C8CBA-E56B-4B99-842B-90A67E155759}.Release|x86.ActiveCfg = Release|Any CPU
		{563C8CBA-E56B-4B99-842B-90A67E155759}.Release|x86.Build.0 = Release|Any CPU
		{04881691-B9F2-42E4-BBA1-DAEE9580D277}.Debug|Any CPU.ActiveCfg = Debug|Any CPU
		{04881691-B9F2-42E4-BBA1-DAEE9580D277}.Debug|Any CPU.Build.0 = Debug|Any CPU
		{04881691-B9F2-42E4-BBA1-DAEE9580D277}.Debug|x64.ActiveCfg = Debug|Any CPU
		{04881691-B9F2-42E4-BBA1-DAEE9580D277}.Debug|x64.Build.0 = Debug|Any CPU
		{04881691-B9F2-42E4-BBA1-DAEE9580D277}.Debug|x86.ActiveCfg = Debug|Any CPU
		{04881691-B9F2-42E4-BBA1-DAEE9580D277}.Debug|x86.Build.0 = Debug|Any CPU
		{04881691-B9F2-42E4-BBA1-DAEE9580D277}.Release|Any CPU.ActiveCfg = Release|Any CPU
		{04881691-B9F2-42E4-BBA1-DAEE9580D277}.Release|Any CPU.Build.0 = Release|Any CPU
		{04881691-B9F2-42E4-BBA1-DAEE9580D277}.Release|x64.ActiveCfg = Release|Any CPU
		{04881691-B9F2-42E4-BBA1-DAEE9580D277}.Release|x64.Build.0 = Release|Any CPU
		{04881691-B9F2-42E4-BBA1-DAEE9580D277}.Release|x86.ActiveCfg = Release|Any CPU
		{04881691-B9F2-42E4-BBA1-DAEE9580D277}.Release|x86.Build.0 = Release|Any CPU
		{01E09C2A-3405-4540-82E3-78B93B96577C}.Debug|Any CPU.ActiveCfg = Debug|Any CPU
		{01E09C2A-3405-4540-82E3-78B93B96577C}.Debug|Any CPU.Build.0 = Debug|Any CPU
		{01E09C2A-3405-4540-82E3-78B93B96577C}.Debug|x64.ActiveCfg = Debug|Any CPU
		{01E09C2A-3405-4540-82E3-78B93B96577C}.Debug|x64.Build.0 = Debug|Any CPU
		{01E09C2A-3405-4540-82E3-78B93B96577C}.Debug|x86.ActiveCfg = Debug|Any CPU
		{01E09C2A-3405-4540-82E3-78B93B96577C}.Debug|x86.Build.0 = Debug|Any CPU
		{01E09C2A-3405-4540-82E3-78B93B96577C}.Release|Any CPU.ActiveCfg = Release|Any CPU
		{01E09C2A-3405-4540-82E3-78B93B96577C}.Release|Any CPU.Build.0 = Release|Any CPU
		{01E09C2A-3405-4540-82E3-78B93B96577C}.Release|x64.ActiveCfg = Release|Any CPU
		{01E09C2A-3405-4540-82E3-78B93B96577C}.Release|x64.Build.0 = Release|Any CPU
		{01E09C2A-3405-4540-82E3-78B93B96577C}.Release|x86.ActiveCfg = Release|Any CPU
		{01E09C2A-3405-4540-82E3-78B93B96577C}.Release|x86.Build.0 = Release|Any CPU
		{16EB95A7-8135-4EDA-9223-2F819D4F9A76}.Debug|Any CPU.ActiveCfg = Debug|Any CPU
		{16EB95A7-8135-4EDA-9223-2F819D4F9A76}.Debug|Any CPU.Build.0 = Debug|Any CPU
		{16EB95A7-8135-4EDA-9223-2F819D4F9A76}.Debug|x64.ActiveCfg = Debug|Any CPU
		{16EB95A7-8135-4EDA-9223-2F819D4F9A76}.Debug|x64.Build.0 = Debug|Any CPU
		{16EB95A7-8135-4EDA-9223-2F819D4F9A76}.Debug|x86.ActiveCfg = Debug|Any CPU
		{16EB95A7-8135-4EDA-9223-2F819D4F9A76}.Debug|x86.Build.0 = Debug|Any CPU
		{16EB95A7-8135-4EDA-9223-2F819D4F9A76}.Release|Any CPU.ActiveCfg = Release|Any CPU
		{16EB95A7-8135-4EDA-9223-2F819D4F9A76}.Release|Any CPU.Build.0 = Release|Any CPU
		{16EB95A7-8135-4EDA-9223-2F819D4F9A76}.Release|x64.ActiveCfg = Release|Any CPU
		{16EB95A7-8135-4EDA-9223-2F819D4F9A76}.Release|x64.Build.0 = Release|Any CPU
		{16EB95A7-8135-4EDA-9223-2F819D4F9A76}.Release|x86.ActiveCfg = Release|Any CPU
		{16EB95A7-8135-4EDA-9223-2F819D4F9A76}.Release|x86.Build.0 = Release|Any CPU
	EndGlobalSection
	GlobalSection(SolutionProperties) = preSolution
		HideSolutionNode = FALSE
	EndGlobalSection
	GlobalSection(NestedProjects) = preSolution
		{84755C69-2EA6-4975-8496-AAD5AEF5EB24} = {28845A44-F061-48B9-40B4-CE1369EB89C2}
		{57EB3CE2-3288-4DF2-AC29-0F7F9C0CEC64} = {28845A44-F061-48B9-40B4-CE1369EB89C2}
		{571EE707-E3FA-425D-8158-8E59D3AB8445} = {28845A44-F061-48B9-40B4-CE1369EB89C2}
		{9351D463-264B-479F-9452-60587BDA4C67} = {28845A44-F061-48B9-40B4-CE1369EB89C2}
		{1652D5CB-9E6E-412E-81A9-CD8B69D39754} = {28845A44-F061-48B9-40B4-CE1369EB89C2}
		{417E4563-3359-4D5B-A9E9-8E08CDB73242} = {28845A44-F061-48B9-40B4-CE1369EB89C2}
		{8F25F660-C47E-4569-8760-38A29101572B} = {28845A44-F061-48B9-40B4-CE1369EB89C2}
		{2D7BABB7-BEDC-4BF9-A782-8838A10018BA} = {28845A44-F061-48B9-40B4-CE1369EB89C2}
		{308797B8-A870-4DDB-973F-857D218DDB8A} = {28845A44-F061-48B9-40B4-CE1369EB89C2}
		{6DD73C87-AB41-45E7-A21D-FC82F09BAB19} = {28845A44-F061-48B9-40B4-CE1369EB89C2}
		{563C8CBA-E56B-4B99-842B-90A67E155759} = {827E0CD3-B72D-47B6-A68D-7590B98EB39B}
		{04881691-B9F2-42E4-BBA1-DAEE9580D277} = {827E0CD3-B72D-47B6-A68D-7590B98EB39B}
		{01E09C2A-3405-4540-82E3-78B93B96577C} = {827E0CD3-B72D-47B6-A68D-7590B98EB39B}
		{16EB95A7-8135-4EDA-9223-2F819D4F9A76} = {827E0CD3-B72D-47B6-A68D-7590B98EB39B}
	EndGlobalSection
	GlobalSection(ExtensibilityGlobals) = postSolution
		SolutionGuid = {231DDE9A-177F-4F12-AE32-E3F988CCA637}
	EndGlobalSection
EndGlobal
