
Microsoft Visual Studio Solution File, Format Version 12.00
# Visual Studio Version 18
VisualStudioVersion = 18.2.11415.280
MinimumVisualStudioVersion = 10.0.40219.1
Project("{FAE04EC0-301F-11D3-BF4B-00C04F79EFBC}") = "SiNetProjectManagerV2", "SiNetProjectManagerV2\SiNetProjectManagerV2.csproj", "{241FF7B8-2DDB-48F2-980B-13F432A09D83}"
EndProject
Project("{FAE04EC0-301F-11D3-BF4B-00C04F79EFBC}") = "SiNetSQL", "..\SiNetSQL\SiNetSQL\SiNetSQL.csproj", "{B9717030-C54B-8FCB-DFF7-A3AAD68D9675}"
EndProject
Project("{FAE04EC0-301F-11D3-BF4B-00C04F79EFBC}") = "SiOffice.GoogleConnector", "..\AutodeskIntegration\SiOffice.GoogleConnector\SiOffice.GoogleConnector.csproj", "{89165264-A216-F15A-A1C7-B2B780BE872D}"
EndProject
Project("{FAE04EC0-301F-11D3-BF4B-00C04F79EFBC}") = "SiOffice.AutodeskConnector", "..\AutodeskIntegration\SiOffice.AutodeskConnector\SiOffice.AutodeskConnector.csproj", "{BAD10B10-8048-4AF7-06EF-F380C9BD0141}"
EndProject
Project("{FAE04EC0-301F-11D3-BF4B-00C04F79EFBC}") = "SiMasterPlanWeb", "SiMasterPlanWeb\SiMasterPlanWeb.csproj", "{6695346F-4BA6-415E-B2FE-A3959CAEC38E}"
EndProject
Project("{FAE04EC0-301F-11D3-BF4B-00C04F79EFBC}") = "MasterPlan.SyncEngine", "MasterPlan.SyncEngine\MasterPlan.SyncEngine.csproj", "{C075BE7D-0E6D-4E1A-BB4A-B78FACB20E87}"
EndProject
Project("{FAE04EC0-301F-11D3-BF4B-00C04F79EFBC}") = "BenchmarkSuite1", "BenchmarkSuite1\BenchmarkSuite1.csproj", "{A20861A9-411E-6150-BF5C-69E8196E5D22}"
EndProject
Project("{FAE04EC0-301F-11D3-BF4B-00C04F79EFBC}") = "SiNetSQL.Tests", "..\SiNetSQL\SiNetSQL.Tests\SiNetSQL.Tests.csproj", "{EC6B0679-3E33-46D1-9053-B296759DF419}"
EndProject
Project("{FAE04EC0-301F-11D3-BF4B-00C04F79EFBC}") = "SiNetSQL.E2ETests", "..\SiNetSQL\SiNetSQL.E2ETests\SiNetSQL.E2ETests.csproj", "{DEA17939-8C03-4EB7-84BC-9B9110B47878}"
EndProject
Project("{FAE04EC0-301F-11D3-BF4B-00C04F79EFBC}") = "SiOffice.AccService", "SiOffice.AccService\SiOffice.AccService.csproj", "{4C55C179-8E05-4FE6-BD7C-B11F0BD755D0}"
EndProject
Global
	GlobalSection(SolutionConfigurationPlatforms) = preSolution
		Debug|Any CPU = Debug|Any CPU
		Debug|x64 = Debug|x64
		Debug|x86 = Debug|x86
		Release|Any CPU = Release|Any CPU
		Release|x64 = Release|x64
		Release|x86 = Release|x86
	EndGlobalSection
	GlobalSection(ProjectConfigurationPlatforms) = postSolution
		{241FF7B8-2DDB-48F2-980B-13F432A09D83}.Debug|Any CPU.ActiveCfg = Debug|Any CPU
		{241FF7B8-2DDB-48F2-980B-13F432A09D83}.Debug|Any CPU.Build.0 = Debug|Any CPU
		{241FF7B8-2DDB-48F2-980B-13F432A09D83}.Debug|x64.ActiveCfg = Debug|x64
		{241FF7B8-2DDB-48F2-980B-13F432A09D83}.Debug|x64.Build.0 = Debug|x64
		{241FF7B8-2DDB-48F2-980B-13F432A09D83}.Debug|x86.ActiveCfg = Debug|Any CPU
		{241FF7B8-2DDB-48F2-980B-13F432A09D83}.Debug|x86.Build.0 = Debug|Any CPU
		{241FF7B8-2DDB-48F2-980B-13F432A09D83}.Release|Any CPU.ActiveCfg = Release|Any CPU
		{241FF7B8-2DDB-48F2-980B-13F432A09D83}.Release|Any CPU.Build.0 = Release|Any CPU
		{241FF7B8-2DDB-48F2-980B-13F432A09D83}.Release|x64.ActiveCfg = Release|x64
		{241FF7B8-2DDB-48F2-980B-13F432A09D83}.Release|x64.Build.0 = Release|x64
		{241FF7B8-2DDB-48F2-980B-13F432A09D83}.Release|x86.ActiveCfg = Release|Any CPU
		{241FF7B8-2DDB-48F2-980B-13F432A09D83}.Release|x86.Build.0 = Release|Any CPU
		{B9717030-C54B-8FCB-DFF7-A3AAD68D9675}.Debug|Any CPU.ActiveCfg = Debug|Any CPU
		{B9717030-C54B-8FCB-DFF7-A3AAD68D9675}.Debug|Any CPU.Build.0 = Debug|Any CPU
		{B9717030-C54B-8FCB-DFF7-A3AAD68D9675}.Debug|x64.ActiveCfg = Debug|Any CPU
		{B9717030-C54B-8FCB-DFF7-A3AAD68D9675}.Debug|x64.Build.0 = Debug|Any CPU
		{B9717030-C54B-8FCB-DFF7-A3AAD68D9675}.Debug|x86.ActiveCfg = Debug|Any CPU
		{B9717030-C54B-8FCB-DFF7-A3AAD68D9675}.Debug|x86.Build.0 = Debug|Any CPU
		{B9717030-C54B-8FCB-DFF7-A3AAD68D9675}.Release|Any CPU.ActiveCfg = Release|Any CPU
		{B9717030-C54B-8FCB-DFF7-A3AAD68D9675}.Release|Any CPU.Build.0 = Release|Any CPU
		{B9717030-C54B-8FCB-DFF7-A3AAD68D9675}.Release|x64.ActiveCfg = Release|Any CPU
		{B9717030-C54B-8FCB-DFF7-A3AAD68D9675}.Release|x64.Build.0 = Release|Any CPU
		{B9717030-C54B-8FCB-DFF7-A3AAD68D9675}.Release|x86.ActiveCfg = Release|Any CPU
		{B9717030-C54B-8FCB-DFF7-A3AAD68D9675}.Release|x86.Build.0 = Release|Any CPU
		{89165264-A216-F15A-A1C7-B2B780BE872D}.Debug|Any CPU.ActiveCfg = Debug|Any CPU
		{89165264-A216-F15A-A1C7-B2B780BE872D}.Debug|Any CPU.Build.0 = Debug|Any CPU
		{89165264-A216-F15A-A1C7-B2B780BE872D}.Debug|x64.ActiveCfg = Debug|Any CPU
		{89165264-A216-F15A-A1C7-B2B780BE872D}.Debug|x64.Build.0 = Debug|Any CPU
		{89165264-A216-F15A-A1C7-B2B780BE872D}.Debug|x86.ActiveCfg = Debug|Any CPU
		{89165264-A216-F15A-A1C7-B2B780BE872D}.Debug|x86.Build.0 = Debug|Any CPU
		{89165264-A216-F15A-A1C7-B2B780BE872D}.Release|Any CPU.ActiveCfg = Release|Any CPU
		{89165264-A216-F15A-A1C7-B2B780BE872D}.Release|Any CPU.Build.0 = Release|Any CPU
		{89165264-A216-F15A-A1C7-B2B780BE872D}.Release|x64.ActiveCfg = Release|Any CPU
		{89165264-A216-F15A-A1C7-B2B780BE872D}.Release|x64.Build.0 = Release|Any CPU
		{89165264-A216-F15A-A1C7-B2B780BE872D}.Release|x86.ActiveCfg = Release|Any CPU
		{89165264-A216-F15A-A1C7-B2B780BE872D}.Release|x86.Build.0 = Release|Any CPU
		{BAD10B10-8048-4AF7-06EF-F380C9BD0141}.Debug|Any CPU.ActiveCfg = Debug|Any CPU
		{BAD10B10-8048-4AF7-06EF-F380C9BD0141}.Debug|Any CPU.Build.0 = Debug|Any CPU
		{BAD10B10-8048-4AF7-06EF-F380C9BD0141}.Debug|x64.ActiveCfg = Debug|Any CPU
		{BAD10B10-8048-4AF7-06EF-F380C9BD0141}.Debug|x64.Build.0 = Debug|Any CPU
		{BAD10B10-8048-4AF7-06EF-F380C9BD0141}.Debug|x86.ActiveCfg = Debug|Any CPU
		{BAD10B10-8048-4AF7-06EF-F380C9BD0141}.Debug|x86.Build.0 = Debug|Any CPU
		{BAD10B10-8048-4AF7-06EF-F380C9BD0141}.Release|Any CPU.ActiveCfg = Release|Any CPU
		{BAD10B10-8048-4AF7-06EF-F380C9BD0141}.Release|Any CPU.Build.0 = Release|Any CPU
		{BAD10B10-8048-4AF7-06EF-F380C9BD0141}.Release|x64.ActiveCfg = Release|Any CPU
		{BAD10B10-8048-4AF7-06EF-F380C9BD0141}.Release|x64.Build.0 = Release|Any CPU
		{BAD10B10-8048-4AF7-06EF-F380C9BD0141}.Release|x86.ActiveCfg = Release|Any CPU
		{BAD10B10-8048-4AF7-06EF-F380C9BD0141}.Release|x86.Build.0 = Release|Any CPU
		{6695346F-4BA6-415E-B2FE-A3959CAEC38E}.Debug|Any CPU.ActiveCfg = Debug|Any CPU
		{6695346F-4BA6-415E-B2FE-A3959CAEC38E}.Debug|Any CPU.Build.0 = Debug|Any CPU
		{6695346F-4BA6-415E-B2FE-A3959CAEC38E}.Debug|x64.ActiveCfg = Debug|Any CPU
		{6695346F-4BA6-415E-B2FE-A3959CAEC38E}.Debug|x64.Build.0 = Debug|Any CPU
		{6695346F-4BA6-415E-B2FE-A3959CAEC38E}.Debug|x86.ActiveCfg = Debug|Any CPU
		{6695346F-4BA6-415E-B2FE-A3959CAEC38E}.Debug|x86.Build.0 = Debug|Any CPU
		{6695346F-4BA6-415E-B2FE-A3959CAEC38E}.Release|Any CPU.ActiveCfg = Release|Any CPU
		{6695346F-4BA6-415E-B2FE-A3959CAEC38E}.Release|Any CPU.Build.0 = Release|Any CPU
		{6695346F-4BA6-415E-B2FE-A3959CAEC38E}.Release|x64.ActiveCfg = Release|Any CPU
		{6695346F-4BA6-415E-B2FE-A3959CAEC38E}.Release|x64.Build.0 = Release|Any CPU
		{6695346F-4BA6-415E-B2FE-A3959CAEC38E}.Release|x86.ActiveCfg = Release|Any CPU
		{6695346F-4BA6-415E-B2FE-A3959CAEC38E}.Release|x86.Build.0 = Release|Any CPU
		{C075BE7D-0E6D-4E1A-BB4A-B78FACB20E87}.Debug|Any CPU.ActiveCfg = Debug|Any CPU
		{C075BE7D-0E6D-4E1A-BB4A-B78FACB20E87}.Debug|Any CPU.Build.0 = Debug|Any CPU
		{C075BE7D-0E6D-4E1A-BB4A-B78FACB20E87}.Debug|x64.ActiveCfg = Debug|Any CPU
		{C075BE7D-0E6D-4E1A-BB4A-B78FACB20E87}.Debug|x64.Build.0 = Debug|Any CPU
		{C075BE7D-0E6D-4E1A-BB4A-B78FACB20E87}.Debug|x86.ActiveCfg = Debug|Any CPU
		{C075BE7D-0E6D-4E1A-BB4A-B78FACB20E87}.Debug|x86.Build.0 = Debug|Any CPU
		{C075BE7D-0E6D-4E1A-BB4A-B78FACB20E87}.Release|Any CPU.ActiveCfg = Release|Any CPU
		{C075BE7D-0E6D-4E1A-BB4A-B78FACB20E87}.Release|Any CPU.Build.0 = Release|Any CPU
		{C075BE7D-0E6D-4E1A-BB4A-B78FACB20E87}.Release|x64.ActiveCfg = Release|Any CPU
		{C075BE7D-0E6D-4E1A-BB4A-B78FACB20E87}.Release|x64.Build.0 = Release|Any CPU
		{C075BE7D-0E6D-4E1A-BB4A-B78FACB20E87}.Release|x86.ActiveCfg = Release|Any CPU
		{C075BE7D-0E6D-4E1A-BB4A-B78FACB20E87}.Release|x86.Build.0 = Release|Any CPU
		{A20861A9-411E-6150-BF5C-69E8196E5D22}.Debug|Any CPU.ActiveCfg = Debug|Any CPU
		{A20861A9-411E-6150-BF5C-69E8196E5D22}.Debug|Any CPU.Build.0 = Debug|Any CPU
		{A20861A9-411E-6150-BF5C-69E8196E5D22}.Debug|x64.ActiveCfg = Debug|Any CPU
		{A20861A9-411E-6150-BF5C-69E8196E5D22}.Debug|x64.Build.0 = Debug|Any CPU
		{A20861A9-411E-6150-BF5C-69E8196E5D22}.Debug|x86.ActiveCfg = Debug|Any CPU
		{A20861A9-411E-6150-BF5C-69E8196E5D22}.Debug|x86.Build.0 = Debug|Any CPU
		{A20861A9-411E-6150-BF5C-69E8196E5D22}.Release|Any CPU.ActiveCfg = Release|Any CPU
		{A20861A9-411E-6150-BF5C-69E8196E5D22}.Release|Any CPU.Build.0 = Release|Any CPU
		{A20861A9-411E-6150-BF5C-69E8196E5D22}.Release|x64.ActiveCfg = Release|Any CPU
		{A20861A9-411E-6150-BF5C-69E8196E5D22}.Release|x64.Build.0 = Release|Any CPU
		{A20861A9-411E-6150-BF5C-69E8196E5D22}.Release|x86.ActiveCfg = Release|Any CPU
		{A20861A9-411E-6150-BF5C-69E8196E5D22}.Release|x86.Build.0 = Release|Any CPU
		{EC6B0679-3E33-46D1-9053-B296759DF419}.Debug|Any CPU.ActiveCfg = Debug|Any CPU
		{EC6B0679-3E33-46D1-9053-B296759DF419}.Debug|Any CPU.Build.0 = Debug|Any CPU
		{EC6B0679-3E33-46D1-9053-B296759DF419}.Debug|x64.ActiveCfg = Debug|Any CPU
		{EC6B0679-3E33-46D1-9053-B296759DF419}.Debug|x64.Build.0 = Debug|Any CPU
		{EC6B0679-3E33-46D1-9053-B296759DF419}.Debug|x86.ActiveCfg = Debug|Any CPU
		{EC6B0679-3E33-46D1-9053-B296759DF419}.Debug|x86.Build.0 = Debug|Any CPU
		{EC6B0679-3E33-46D1-9053-B296759DF419}.Release|Any CPU.ActiveCfg = Release|Any CPU
		{EC6B0679-3E33-46D1-9053-B296759DF419}.Release|Any CPU.Build.0 = Release|Any CPU
		{EC6B0679-3E33-46D1-9053-B296759DF419}.Release|x64.ActiveCfg = Release|Any CPU
		{EC6B0679-3E33-46D1-9053-B296759DF419}.Release|x64.Build.0 = Release|Any CPU
		{EC6B0679-3E33-46D1-9053-B296759DF419}.Release|x86.ActiveCfg = Release|Any CPU
		{EC6B0679-3E33-46D1-9053-B296759DF419}.Release|x86.Build.0 = Release|Any CPU
		{DEA17939-8C03-4EB7-84BC-9B9110B47878}.Debug|Any CPU.ActiveCfg = Debug|Any CPU
		{DEA17939-8C03-4EB7-84BC-9B9110B47878}.Debug|Any CPU.Build.0 = Debug|Any CPU
		{DEA17939-8C03-4EB7-84BC-9B9110B47878}.Debug|x64.ActiveCfg = Debug|Any CPU
		{DEA17939-8C03-4EB7-84BC-9B9110B47878}.Debug|x64.Build.0 = Debug|Any CPU
		{DEA17939-8C03-4EB7-84BC-9B9110B47878}.Debug|x86.ActiveCfg = Debug|Any CPU
		{DEA17939-8C03-4EB7-84BC-9B9110B47878}.Debug|x86.Build.0 = Debug|Any CPU
		{DEA17939-8C03-4EB7-84BC-9B9110B47878}.Release|Any CPU.ActiveCfg = Release|Any CPU
		{DEA17939-8C03-4EB7-84BC-9B9110B47878}.Release|Any CPU.Build.0 = Release|Any CPU
		{DEA17939-8C03-4EB7-84BC-9B9110B47878}.Release|x64.ActiveCfg = Release|Any CPU
		{DEA17939-8C03-4EB7-84BC-9B9110B47878}.Release|x64.Build.0 = Release|Any CPU
		{DEA17939-8C03-4EB7-84BC-9B9110B47878}.Release|x86.ActiveCfg = Release|Any CPU
		{DEA17939-8C03-4EB7-84BC-9B9110B47878}.Release|x86.Build.0 = Release|Any CPU
		{4C55C179-8E05-4FE6-BD7C-B11F0BD755D0}.Debug|Any CPU.ActiveCfg = Debug|Any CPU
		{4C55C179-8E05-4FE6-BD7C-B11F0BD755D0}.Debug|Any CPU.Build.0 = Debug|Any CPU
		{4C55C179-8E05-4FE6-BD7C-B11F0BD755D0}.Debug|x64.ActiveCfg = Debug|Any CPU
		{4C55C179-8E05-4FE6-BD7C-B11F0BD755D0}.Debug|x64.Build.0 = Debug|Any CPU
		{4C55C179-8E05-4FE6-BD7C-B11F0BD755D0}.Debug|x86.ActiveCfg = Debug|Any CPU
		{4C55C179-8E05-4FE6-BD7C-B11F0BD755D0}.Debug|x86.Build.0 = Debug|Any CPU
		{4C55C179-8E05-4FE6-BD7C-B11F0BD755D0}.Release|Any CPU.ActiveCfg = Release|Any CPU
		{4C55C179-8E05-4FE6-BD7C-B11F0BD755D0}.Release|Any CPU.Build.0 = Release|Any CPU
		{4C55C179-8E05-4FE6-BD7C-B11F0BD755D0}.Release|x64.ActiveCfg = Release|Any CPU
		{4C55C179-8E05-4FE6-BD7C-B11F0BD755D0}.Release|x64.Build.0 = Release|Any CPU
		{4C55C179-8E05-4FE6-BD7C-B11F0BD755D0}.Release|x86.ActiveCfg = Release|Any CPU
		{4C55C179-8E05-4FE6-BD7C-B11F0BD755D0}.Release|x86.Build.0 = Release|Any CPU
	EndGlobalSection
	GlobalSection(SolutionProperties) = preSolution
		HideSolutionNode = FALSE
	EndGlobalSection
	GlobalSection(ExtensibilityGlobals) = postSolution
		SolutionGuid = {231DDE9A-177F-4F12-AE32-E3F988CCA637}
	EndGlobalSection
EndGlobal
