
Microsoft Visual Studio Solution File, Format Version 12.00
# Visual Studio Version 17
VisualStudioVersion = 17.0.31903.59
MinimumVisualStudioVersion = 10.0.40219.1
Project("{2150E333-8FDC-42A3-9474-1A3956D46DE8}") = "src", "src", "{827E0CD3-B72D-47B6-A68D-7590B98EB39B}"
EndProject
Project("{FAE04EC0-301F-11D3-BF4B-00C04F79EFBC}") = "SiNet.App.Composition", "src\SiNet.App.Composition\SiNet.App.Composition.csproj", "{0B8AD6B6-5708-4CD1-A84E-C29688974E04}"
EndProject
Project("{FAE04EC0-301F-11D3-BF4B-00C04F79EFBC}") = "SiNet.Application", "src\SiNet.Application\SiNet.Application.csproj", "{89954A80-3DA8-4D13-97BA-23B2C9108482}"
EndProject
Project("{FAE04EC0-301F-11D3-BF4B-00C04F79EFBC}") = "SiNet.Domain", "src\SiNet.Domain\SiNet.Domain.csproj", "{BA9A826B-4E68-4F56-BB03-3E2AAB299F7C}"
EndProject
Project("{FAE04EC0-301F-11D3-BF4B-00C04F79EFBC}") = "SiNet.Infrastructure.Sql", "src\SiNet.Infrastructure.Sql\SiNet.Infrastructure.Sql.csproj", "{27DA213C-F873-4D65-9179-03A0E0F95EA3}"
EndProject
Project("{FAE04EC0-301F-11D3-BF4B-00C04F79EFBC}") = "SiNet.Infrastructure.Google", "src\SiNet.Infrastructure.Google\SiNet.Infrastructure.Google.csproj", "{C9B05959-0963-4975-B99E-08469EB0E660}"
EndProject
Project("{FAE04EC0-301F-11D3-BF4B-00C04F79EFBC}") = "SiNet.Infrastructure.Autodesk", "src\SiNet.Infrastructure.Autodesk\SiNet.Infrastructure.Autodesk.csproj", "{9D24700D-C8EB-48FB-9815-6563958DCBAB}"
EndProject
Project("{FAE04EC0-301F-11D3-BF4B-00C04F79EFBC}") = "SiNet.Infrastructure.FileSystem", "src\SiNet.Infrastructure.FileSystem\SiNet.Infrastructure.FileSystem.csproj", "{9FE8C854-1B7A-4206-9B3B-BB84FBEFB4DE}"
EndProject
Project("{FAE04EC0-301F-11D3-BF4B-00C04F79EFBC}") = "SiNet.Infrastructure.Logging", "src\SiNet.Infrastructure.Logging\SiNet.Infrastructure.Logging.csproj", "{1E416A03-FAEB-4232-AC60-2CAD08023194}"
EndProject
Project("{FAE04EC0-301F-11D3-BF4B-00C04F79EFBC}") = "SiNet.LegacyBridge", "src\SiNet.LegacyBridge\SiNet.LegacyBridge.csproj", "{9CC187FC-64C5-4346-878A-47487F678934}"
EndProject
Project("{FAE04EC0-301F-11D3-BF4B-00C04F79EFBC}") = "SiNet.App.Wpf", "src\SiNet.App.Wpf\SiNet.App.Wpf.csproj", "{E3A828E5-1AE1-41A0-BF2E-1EBD800E5382}"
EndProject
Project("{FAE04EC0-301F-11D3-BF4B-00C04F79EFBC}") = "SiNet.Infrastructure.Secrets", "src\SiNet.Infrastructure.Secrets\SiNet.Infrastructure.Secrets.csproj", "{544E31EF-B15F-483E-9672-6B4529B0A31E}"
EndProject
Project("{FAE04EC0-301F-11D3-BF4B-00C04F79EFBC}") = "SiNet.App.Wpf.Tests", "src\SiNet.App.Wpf.Tests\SiNet.App.Wpf.Tests.csproj", "{8B88AC1D-F4B9-4DBD-8634-B1A78AFE2006}"
EndProject
Project("{FAE04EC0-301F-11D3-BF4B-00C04F79EFBC}") = "SiNet.Infrastructure.Google.Tests", "src\SiNet.Infrastructure.Google.Tests\SiNet.Infrastructure.Google.Tests.csproj", "{E0785C85-F660-4F9E-8CD0-9C928136AD15}"
EndProject
Project("{FAE04EC0-301F-11D3-BF4B-00C04F79EFBC}") = "MasterPlan.SyncEngine.Tests", "MasterPlan.SyncEngine.Tests\MasterPlan.SyncEngine.Tests.csproj", "{A1B2C3D4-E5F6-7890-ABCD-EF1234567890}"
EndProject
Project("{FAE04EC0-301F-11D3-BF4B-00C04F79EFBC}") = "SiNet.LegacyBridge.Tests", "src\SiNet.LegacyBridge.Tests\SiNet.LegacyBridge.Tests.csproj", "{76144B99-6442-4EB5-BF50-5AC41095DE57}"
EndProject
Project("{FAE04EC0-301F-11D3-BF4B-00C04F79EFBC}") = "SiOffice.AccService.Contracts", "src\SiOffice.AccService.Contracts\SiOffice.AccService.Contracts.csproj", "{8C193F1A-B734-4294-9391-0C47DC08F7D2}"
EndProject
Project("{FAE04EC0-301F-11D3-BF4B-00C04F79EFBC}") = "SiNet.Infrastructure.AccBootstrap", "src\SiNet.Infrastructure.AccBootstrap\SiNet.Infrastructure.AccBootstrap.csproj", "{3F7A9C2E-6B1D-4A85-9E3C-7D4F1B8A2C90}"
EndProject
Project("{FAE04EC0-301F-11D3-BF4B-00C04F79EFBC}") = "SiOffice.AccService", "SiOffice.AccService\SiOffice.AccService.csproj", "{DA4953A7-DA69-409D-804E-0D5DE7394C49}"
EndProject
Project("{FAE04EC0-301F-11D3-BF4B-00C04F79EFBC}") = "SiOffice.AutodeskConnector", "..\AutodeskIntegration\SiOffice.AutodeskConnector\SiOffice.AutodeskConnector.csproj", "{F8CFD783-F495-46F1-BAD0-E1F28DA3D3EB}"
EndProject
Project("{FAE04EC0-301F-11D3-BF4B-00C04F79EFBC}") = "SiNet.Infrastructure.Diagnostics", "src\SiNet.Infrastructure.Diagnostics\SiNet.Infrastructure.Diagnostics.csproj", "{7CC0ACD1-2EAB-464D-BD5E-6751176AD128}"
EndProject
Global
	GlobalSection(SolutionConfigurationPlatforms) = preSolution
		Debug|Any CPU = Debug|Any CPU
		Debug|x64 = Debug|x64
		Debug|x86 = Debug|x86
		Release|Any CPU = Release|Any CPU
		Release|x64 = Release|x64
		Release|x86 = Release|x86
	EndGlobalSection
	GlobalSection(ProjectConfigurationPlatforms) = postSolution
		{0B8AD6B6-5708-4CD1-A84E-C29688974E04}.Debug|Any CPU.ActiveCfg = Debug|Any CPU
		{0B8AD6B6-5708-4CD1-A84E-C29688974E04}.Debug|Any CPU.Build.0 = Debug|Any CPU
		{0B8AD6B6-5708-4CD1-A84E-C29688974E04}.Debug|x64.ActiveCfg = Debug|Any CPU
		{0B8AD6B6-5708-4CD1-A84E-C29688974E04}.Debug|x64.Build.0 = Debug|Any CPU
		{0B8AD6B6-5708-4CD1-A84E-C29688974E04}.Debug|x86.ActiveCfg = Debug|Any CPU
		{0B8AD6B6-5708-4CD1-A84E-C29688974E04}.Debug|x86.Build.0 = Debug|Any CPU
		{0B8AD6B6-5708-4CD1-A84E-C29688974E04}.Release|Any CPU.ActiveCfg = Release|Any CPU
		{0B8AD6B6-5708-4CD1-A84E-C29688974E04}.Release|Any CPU.Build.0 = Release|Any CPU
		{0B8AD6B6-5708-4CD1-A84E-C29688974E04}.Release|x64.ActiveCfg = Release|Any CPU
		{0B8AD6B6-5708-4CD1-A84E-C29688974E04}.Release|x64.Build.0 = Release|Any CPU
		{0B8AD6B6-5708-4CD1-A84E-C29688974E04}.Release|x86.ActiveCfg = Release|Any CPU
		{0B8AD6B6-5708-4CD1-A84E-C29688974E04}.Release|x86.Build.0 = Release|Any CPU
		{89954A80-3DA8-4D13-97BA-23B2C9108482}.Debug|Any CPU.ActiveCfg = Debug|Any CPU
		{89954A80-3DA8-4D13-97BA-23B2C9108482}.Debug|Any CPU.Build.0 = Debug|Any CPU
		{89954A80-3DA8-4D13-97BA-23B2C9108482}.Debug|x64.ActiveCfg = Debug|Any CPU
		{89954A80-3DA8-4D13-97BA-23B2C9108482}.Debug|x64.Build.0 = Debug|Any CPU
		{89954A80-3DA8-4D13-97BA-23B2C9108482}.Debug|x86.ActiveCfg = Debug|Any CPU
		{89954A80-3DA8-4D13-97BA-23B2C9108482}.Debug|x86.Build.0 = Debug|Any CPU
		{89954A80-3DA8-4D13-97BA-23B2C9108482}.Release|Any CPU.ActiveCfg = Release|Any CPU
		{89954A80-3DA8-4D13-97BA-23B2C9108482}.Release|Any CPU.Build.0 = Release|Any CPU
		{89954A80-3DA8-4D13-97BA-23B2C9108482}.Release|x64.ActiveCfg = Release|Any CPU
		{89954A80-3DA8-4D13-97BA-23B2C9108482}.Release|x64.Build.0 = Release|Any CPU
		{89954A80-3DA8-4D13-97BA-23B2C9108482}.Release|x86.ActiveCfg = Release|Any CPU
		{89954A80-3DA8-4D13-97BA-23B2C9108482}.Release|x86.Build.0 = Release|Any CPU
		{BA9A826B-4E68-4F56-BB03-3E2AAB299F7C}.Debug|Any CPU.ActiveCfg = Debug|Any CPU
		{BA9A826B-4E68-4F56-BB03-3E2AAB299F7C}.Debug|Any CPU.Build.0 = Debug|Any CPU
		{BA9A826B-4E68-4F56-BB03-3E2AAB299F7C}.Debug|x64.ActiveCfg = Debug|Any CPU
		{BA9A826B-4E68-4F56-BB03-3E2AAB299F7C}.Debug|x64.Build.0 = Debug|Any CPU
		{BA9A826B-4E68-4F56-BB03-3E2AAB299F7C}.Debug|x86.ActiveCfg = Debug|Any CPU
		{BA9A826B-4E68-4F56-BB03-3E2AAB299F7C}.Debug|x86.Build.0 = Debug|Any CPU
		{BA9A826B-4E68-4F56-BB03-3E2AAB299F7C}.Release|Any CPU.ActiveCfg = Release|Any CPU
		{BA9A826B-4E68-4F56-BB03-3E2AAB299F7C}.Release|Any CPU.Build.0 = Release|Any CPU
		{BA9A826B-4E68-4F56-BB03-3E2AAB299F7C}.Release|x64.ActiveCfg = Release|Any CPU
		{BA9A826B-4E68-4F56-BB03-3E2AAB299F7C}.Release|x64.Build.0 = Release|Any CPU
		{BA9A826B-4E68-4F56-BB03-3E2AAB299F7C}.Release|x86.ActiveCfg = Release|Any CPU
		{BA9A826B-4E68-4F56-BB03-3E2AAB299F7C}.Release|x86.Build.0 = Release|Any CPU
		{27DA213C-F873-4D65-9179-03A0E0F95EA3}.Debug|Any CPU.ActiveCfg = Debug|Any CPU
		{27DA213C-F873-4D65-9179-03A0E0F95EA3}.Debug|Any CPU.Build.0 = Debug|Any CPU
		{27DA213C-F873-4D65-9179-03A0E0F95EA3}.Debug|x64.ActiveCfg = Debug|Any CPU
		{27DA213C-F873-4D65-9179-03A0E0F95EA3}.Debug|x64.Build.0 = Debug|Any CPU
		{27DA213C-F873-4D65-9179-03A0E0F95EA3}.Debug|x86.ActiveCfg = Debug|Any CPU
		{27DA213C-F873-4D65-9179-03A0E0F95EA3}.Debug|x86.Build.0 = Debug|Any CPU
		{27DA213C-F873-4D65-9179-03A0E0F95EA3}.Release|Any CPU.ActiveCfg = Release|Any CPU
		{27DA213C-F873-4D65-9179-03A0E0F95EA3}.Release|Any CPU.Build.0 = Release|Any CPU
		{27DA213C-F873-4D65-9179-03A0E0F95EA3}.Release|x64.ActiveCfg = Release|Any CPU
		{27DA213C-F873-4D65-9179-03A0E0F95EA3}.Release|x64.Build.0 = Release|Any CPU
		{27DA213C-F873-4D65-9179-03A0E0F95EA3}.Release|x86.ActiveCfg = Release|Any CPU
		{27DA213C-F873-4D65-9179-03A0E0F95EA3}.Release|x86.Build.0 = Release|Any CPU
		{C9B05959-0963-4975-B99E-08469EB0E660}.Debug|Any CPU.ActiveCfg = Debug|Any CPU
		{C9B05959-0963-4975-B99E-08469EB0E660}.Debug|Any CPU.Build.0 = Debug|Any CPU
		{C9B05959-0963-4975-B99E-08469EB0E660}.Debug|x64.ActiveCfg = Debug|Any CPU
		{C9B05959-0963-4975-B99E-08469EB0E660}.Debug|x64.Build.0 = Debug|Any CPU
		{C9B05959-0963-4975-B99E-08469EB0E660}.Debug|x86.ActiveCfg = Debug|Any CPU
		{C9B05959-0963-4975-B99E-08469EB0E660}.Debug|x86.Build.0 = Debug|Any CPU
		{C9B05959-0963-4975-B99E-08469EB0E660}.Release|Any CPU.ActiveCfg = Release|Any CPU
		{C9B05959-0963-4975-B99E-08469EB0E660}.Release|Any CPU.Build.0 = Release|Any CPU
		{C9B05959-0963-4975-B99E-08469EB0E660}.Release|x64.ActiveCfg = Release|Any CPU
		{C9B05959-0963-4975-B99E-08469EB0E660}.Release|x64.Build.0 = Release|Any CPU
		{C9B05959-0963-4975-B99E-08469EB0E660}.Release|x86.ActiveCfg = Release|Any CPU
		{C9B05959-0963-4975-B99E-08469EB0E660}.Release|x86.Build.0 = Release|Any CPU
		{9D24700D-C8EB-48FB-9815-6563958DCBAB}.Debug|Any CPU.ActiveCfg = Debug|Any CPU
		{9D24700D-C8EB-48FB-9815-6563958DCBAB}.Debug|Any CPU.Build.0 = Debug|Any CPU
		{9D24700D-C8EB-48FB-9815-6563958DCBAB}.Debug|x64.ActiveCfg = Debug|Any CPU
		{9D24700D-C8EB-48FB-9815-6563958DCBAB}.Debug|x64.Build.0 = Debug|Any CPU
		{9D24700D-C8EB-48FB-9815-6563958DCBAB}.Debug|x86.ActiveCfg = Debug|Any CPU
		{9D24700D-C8EB-48FB-9815-6563958DCBAB}.Debug|x86.Build.0 = Debug|Any CPU
		{9D24700D-C8EB-48FB-9815-6563958DCBAB}.Release|Any CPU.ActiveCfg = Release|Any CPU
		{9D24700D-C8EB-48FB-9815-6563958DCBAB}.Release|Any CPU.Build.0 = Release|Any CPU
		{9D24700D-C8EB-48FB-9815-6563958DCBAB}.Release|x64.ActiveCfg = Release|Any CPU
		{9D24700D-C8EB-48FB-9815-6563958DCBAB}.Release|x64.Build.0 = Release|Any CPU
		{9D24700D-C8EB-48FB-9815-6563958DCBAB}.Release|x86.ActiveCfg = Release|Any CPU
		{9D24700D-C8EB-48FB-9815-6563958DCBAB}.Release|x86.Build.0 = Release|Any CPU
		{9FE8C854-1B7A-4206-9B3B-BB84FBEFB4DE}.Debug|Any CPU.ActiveCfg = Debug|Any CPU
		{9FE8C854-1B7A-4206-9B3B-BB84FBEFB4DE}.Debug|Any CPU.Build.0 = Debug|Any CPU
		{9FE8C854-1B7A-4206-9B3B-BB84FBEFB4DE}.Debug|x64.ActiveCfg = Debug|Any CPU
		{9FE8C854-1B7A-4206-9B3B-BB84FBEFB4DE}.Debug|x64.Build.0 = Debug|Any CPU
		{9FE8C854-1B7A-4206-9B3B-BB84FBEFB4DE}.Debug|x86.ActiveCfg = Debug|Any CPU
		{9FE8C854-1B7A-4206-9B3B-BB84FBEFB4DE}.Debug|x86.Build.0 = Debug|Any CPU
		{9FE8C854-1B7A-4206-9B3B-BB84FBEFB4DE}.Release|Any CPU.ActiveCfg = Release|Any CPU
		{9FE8C854-1B7A-4206-9B3B-BB84FBEFB4DE}.Release|Any CPU.Build.0 = Release|Any CPU
		{9FE8C854-1B7A-4206-9B3B-BB84FBEFB4DE}.Release|x64.ActiveCfg = Release|Any CPU
		{9FE8C854-1B7A-4206-9B3B-BB84FBEFB4DE}.Release|x64.Build.0 = Release|Any CPU
		{9FE8C854-1B7A-4206-9B3B-BB84FBEFB4DE}.Release|x86.ActiveCfg = Release|Any CPU
		{9FE8C854-1B7A-4206-9B3B-BB84FBEFB4DE}.Release|x86.Build.0 = Release|Any CPU
		{1E416A03-FAEB-4232-AC60-2CAD08023194}.Debug|Any CPU.ActiveCfg = Debug|Any CPU
		{1E416A03-FAEB-4232-AC60-2CAD08023194}.Debug|Any CPU.Build.0 = Debug|Any CPU
		{1E416A03-FAEB-4232-AC60-2CAD08023194}.Debug|x64.ActiveCfg = Debug|Any CPU
		{1E416A03-FAEB-4232-AC60-2CAD08023194}.Debug|x64.Build.0 = Debug|Any CPU
		{1E416A03-FAEB-4232-AC60-2CAD08023194}.Debug|x86.ActiveCfg = Debug|Any CPU
		{1E416A03-FAEB-4232-AC60-2CAD08023194}.Debug|x86.Build.0 = Debug|Any CPU
		{1E416A03-FAEB-4232-AC60-2CAD08023194}.Release|Any CPU.ActiveCfg = Release|Any CPU
		{1E416A03-FAEB-4232-AC60-2CAD08023194}.Release|Any CPU.Build.0 = Release|Any CPU
		{1E416A03-FAEB-4232-AC60-2CAD08023194}.Release|x64.ActiveCfg = Release|Any CPU
		{1E416A03-FAEB-4232-AC60-2CAD08023194}.Release|x64.Build.0 = Release|Any CPU
		{1E416A03-FAEB-4232-AC60-2CAD08023194}.Release|x86.ActiveCfg = Release|Any CPU
		{1E416A03-FAEB-4232-AC60-2CAD08023194}.Release|x86.Build.0 = Release|Any CPU
		{9CC187FC-64C5-4346-878A-47487F678934}.Debug|Any CPU.ActiveCfg = Debug|Any CPU
		{9CC187FC-64C5-4346-878A-47487F678934}.Debug|Any CPU.Build.0 = Debug|Any CPU
		{9CC187FC-64C5-4346-878A-47487F678934}.Debug|x64.ActiveCfg = Debug|Any CPU
		{9CC187FC-64C5-4346-878A-47487F678934}.Debug|x64.Build.0 = Debug|Any CPU
		{9CC187FC-64C5-4346-878A-47487F678934}.Debug|x86.ActiveCfg = Debug|Any CPU
		{9CC187FC-64C5-4346-878A-47487F678934}.Debug|x86.Build.0 = Debug|Any CPU
		{9CC187FC-64C5-4346-878A-47487F678934}.Release|Any CPU.ActiveCfg = Release|Any CPU
		{9CC187FC-64C5-4346-878A-47487F678934}.Release|Any CPU.Build.0 = Release|Any CPU
		{9CC187FC-64C5-4346-878A-47487F678934}.Release|x64.ActiveCfg = Release|Any CPU
		{9CC187FC-64C5-4346-878A-47487F678934}.Release|x64.Build.0 = Release|Any CPU
		{9CC187FC-64C5-4346-878A-47487F678934}.Release|x86.ActiveCfg = Release|Any CPU
		{9CC187FC-64C5-4346-878A-47487F678934}.Release|x86.Build.0 = Release|Any CPU
		{E3A828E5-1AE1-41A0-BF2E-1EBD800E5382}.Debug|Any CPU.ActiveCfg = Debug|Any CPU
		{E3A828E5-1AE1-41A0-BF2E-1EBD800E5382}.Debug|Any CPU.Build.0 = Debug|Any CPU
		{E3A828E5-1AE1-41A0-BF2E-1EBD800E5382}.Debug|x64.ActiveCfg = Debug|Any CPU
		{E3A828E5-1AE1-41A0-BF2E-1EBD800E5382}.Debug|x64.Build.0 = Debug|Any CPU
		{E3A828E5-1AE1-41A0-BF2E-1EBD800E5382}.Debug|x86.ActiveCfg = Debug|Any CPU
		{E3A828E5-1AE1-41A0-BF2E-1EBD800E5382}.Debug|x86.Build.0 = Debug|Any CPU
		{E3A828E5-1AE1-41A0-BF2E-1EBD800E5382}.Release|Any CPU.ActiveCfg = Release|Any CPU
		{E3A828E5-1AE1-41A0-BF2E-1EBD800E5382}.Release|Any CPU.Build.0 = Release|Any CPU
		{E3A828E5-1AE1-41A0-BF2E-1EBD800E5382}.Release|x64.ActiveCfg = Release|Any CPU
		{E3A828E5-1AE1-41A0-BF2E-1EBD800E5382}.Release|x64.Build.0 = Release|Any CPU
		{E3A828E5-1AE1-41A0-BF2E-1EBD800E5382}.Release|x86.ActiveCfg = Release|Any CPU
		{E3A828E5-1AE1-41A0-BF2E-1EBD800E5382}.Release|x86.Build.0 = Release|Any CPU
		{544E31EF-B15F-483E-9672-6B4529B0A31E}.Debug|Any CPU.ActiveCfg = Debug|Any CPU
		{544E31EF-B15F-483E-9672-6B4529B0A31E}.Debug|Any CPU.Build.0 = Debug|Any CPU
		{544E31EF-B15F-483E-9672-6B4529B0A31E}.Debug|x64.ActiveCfg = Debug|Any CPU
		{544E31EF-B15F-483E-9672-6B4529B0A31E}.Debug|x64.Build.0 = Debug|Any CPU
		{544E31EF-B15F-483E-9672-6B4529B0A31E}.Debug|x86.ActiveCfg = Debug|Any CPU
		{544E31EF-B15F-483E-9672-6B4529B0A31E}.Debug|x86.Build.0 = Debug|Any CPU
		{544E31EF-B15F-483E-9672-6B4529B0A31E}.Release|Any CPU.ActiveCfg = Release|Any CPU
		{544E31EF-B15F-483E-9672-6B4529B0A31E}.Release|Any CPU.Build.0 = Release|Any CPU
		{544E31EF-B15F-483E-9672-6B4529B0A31E}.Release|x64.ActiveCfg = Release|Any CPU
		{544E31EF-B15F-483E-9672-6B4529B0A31E}.Release|x64.Build.0 = Release|Any CPU
		{544E31EF-B15F-483E-9672-6B4529B0A31E}.Release|x86.ActiveCfg = Release|Any CPU
		{544E31EF-B15F-483E-9672-6B4529B0A31E}.Release|x86.Build.0 = Release|Any CPU
		{8B88AC1D-F4B9-4DBD-8634-B1A78AFE2006}.Debug|Any CPU.ActiveCfg = Debug|Any CPU
		{8B88AC1D-F4B9-4DBD-8634-B1A78AFE2006}.Debug|Any CPU.Build.0 = Debug|Any CPU
		{8B88AC1D-F4B9-4DBD-8634-B1A78AFE2006}.Debug|x64.ActiveCfg = Debug|Any CPU
		{8B88AC1D-F4B9-4DBD-8634-B1A78AFE2006}.Debug|x64.Build.0 = Debug|Any CPU
		{8B88AC1D-F4B9-4DBD-8634-B1A78AFE2006}.Debug|x86.ActiveCfg = Debug|Any CPU
		{8B88AC1D-F4B9-4DBD-8634-B1A78AFE2006}.Debug|x86.Build.0 = Debug|Any CPU
		{8B88AC1D-F4B9-4DBD-8634-B1A78AFE2006}.Release|Any CPU.ActiveCfg = Release|Any CPU
		{8B88AC1D-F4B9-4DBD-8634-B1A78AFE2006}.Release|Any CPU.Build.0 = Release|Any CPU
		{8B88AC1D-F4B9-4DBD-8634-B1A78AFE2006}.Release|x64.ActiveCfg = Release|Any CPU
		{8B88AC1D-F4B9-4DBD-8634-B1A78AFE2006}.Release|x64.Build.0 = Release|Any CPU
		{8B88AC1D-F4B9-4DBD-8634-B1A78AFE2006}.Release|x86.ActiveCfg = Release|Any CPU
		{8B88AC1D-F4B9-4DBD-8634-B1A78AFE2006}.Release|x86.Build.0 = Release|Any CPU
		{E0785C85-F660-4F9E-8CD0-9C928136AD15}.Debug|Any CPU.ActiveCfg = Debug|Any CPU
		{E0785C85-F660-4F9E-8CD0-9C928136AD15}.Debug|Any CPU.Build.0 = Debug|Any CPU
		{E0785C85-F660-4F9E-8CD0-9C928136AD15}.Debug|x64.ActiveCfg = Debug|Any CPU
		{E0785C85-F660-4F9E-8CD0-9C928136AD15}.Debug|x64.Build.0 = Debug|Any CPU
		{E0785C85-F660-4F9E-8CD0-9C928136AD15}.Debug|x86.ActiveCfg = Debug|Any CPU
		{E0785C85-F660-4F9E-8CD0-9C928136AD15}.Debug|x86.Build.0 = Debug|Any CPU
		{E0785C85-F660-4F9E-8CD0-9C928136AD15}.Release|Any CPU.ActiveCfg = Release|Any CPU
		{E0785C85-F660-4F9E-8CD0-9C928136AD15}.Release|Any CPU.Build.0 = Release|Any CPU
		{E0785C85-F660-4F9E-8CD0-9C928136AD15}.Release|x64.ActiveCfg = Release|Any CPU
		{E0785C85-F660-4F9E-8CD0-9C928136AD15}.Release|x64.Build.0 = Release|Any CPU
		{E0785C85-F660-4F9E-8CD0-9C928136AD15}.Release|x86.ActiveCfg = Release|Any CPU
		{E0785C85-F660-4F9E-8CD0-9C928136AD15}.Release|x86.Build.0 = Release|Any CPU
		{A1B2C3D4-E5F6-7890-ABCD-EF1234567890}.Debug|Any CPU.ActiveCfg = Debug|Any CPU
		{A1B2C3D4-E5F6-7890-ABCD-EF1234567890}.Debug|Any CPU.Build.0 = Debug|Any CPU
		{A1B2C3D4-E5F6-7890-ABCD-EF1234567890}.Debug|x64.ActiveCfg = Debug|Any CPU
		{A1B2C3D4-E5F6-7890-ABCD-EF1234567890}.Debug|x64.Build.0 = Debug|Any CPU
		{A1B2C3D4-E5F6-7890-ABCD-EF1234567890}.Debug|x86.ActiveCfg = Debug|Any CPU
		{A1B2C3D4-E5F6-7890-ABCD-EF1234567890}.Debug|x86.Build.0 = Debug|Any CPU
		{A1B2C3D4-E5F6-7890-ABCD-EF1234567890}.Release|Any CPU.ActiveCfg = Release|Any CPU
		{A1B2C3D4-E5F6-7890-ABCD-EF1234567890}.Release|Any CPU.Build.0 = Release|Any CPU
		{A1B2C3D4-E5F6-7890-ABCD-EF1234567890}.Release|x64.ActiveCfg = Release|Any CPU
		{A1B2C3D4-E5F6-7890-ABCD-EF1234567890}.Release|x64.Build.0 = Release|Any CPU
		{A1B2C3D4-E5F6-7890-ABCD-EF1234567890}.Release|x86.ActiveCfg = Release|Any CPU
		{A1B2C3D4-E5F6-7890-ABCD-EF1234567890}.Release|x86.Build.0 = Release|Any CPU
		{76144B99-6442-4EB5-BF50-5AC41095DE57}.Debug|Any CPU.ActiveCfg = Debug|Any CPU
		{76144B99-6442-4EB5-BF50-5AC41095DE57}.Debug|Any CPU.Build.0 = Debug|Any CPU
		{76144B99-6442-4EB5-BF50-5AC41095DE57}.Debug|x64.ActiveCfg = Debug|Any CPU
		{76144B99-6442-4EB5-BF50-5AC41095DE57}.Debug|x64.Build.0 = Debug|Any CPU
		{76144B99-6442-4EB5-BF50-5AC41095DE57}.Debug|x86.ActiveCfg = Debug|Any CPU
		{76144B99-6442-4EB5-BF50-5AC41095DE57}.Debug|x86.Build.0 = Debug|Any CPU
		{76144B99-6442-4EB5-BF50-5AC41095DE57}.Release|Any CPU.ActiveCfg = Release|Any CPU
		{76144B99-6442-4EB5-BF50-5AC41095DE57}.Release|Any CPU.Build.0 = Release|Any CPU
		{76144B99-6442-4EB5-BF50-5AC41095DE57}.Release|x64.ActiveCfg = Release|Any CPU
		{76144B99-6442-4EB5-BF50-5AC41095DE57}.Release|x64.Build.0 = Release|Any CPU
		{76144B99-6442-4EB5-BF50-5AC41095DE57}.Release|x86.ActiveCfg = Release|Any CPU
		{76144B99-6442-4EB5-BF50-5AC41095DE57}.Release|x86.Build.0 = Release|Any CPU
		{8C193F1A-B734-4294-9391-0C47DC08F7D2}.Debug|Any CPU.ActiveCfg = Debug|Any CPU
		{8C193F1A-B734-4294-9391-0C47DC08F7D2}.Debug|Any CPU.Build.0 = Debug|Any CPU
		{8C193F1A-B734-4294-9391-0C47DC08F7D2}.Debug|x64.ActiveCfg = Debug|Any CPU
		{8C193F1A-B734-4294-9391-0C47DC08F7D2}.Debug|x64.Build.0 = Debug|Any CPU
		{8C193F1A-B734-4294-9391-0C47DC08F7D2}.Debug|x86.ActiveCfg = Debug|Any CPU
		{8C193F1A-B734-4294-9391-0C47DC08F7D2}.Debug|x86.Build.0 = Debug|Any CPU
		{8C193F1A-B734-4294-9391-0C47DC08F7D2}.Release|Any CPU.ActiveCfg = Release|Any CPU
		{8C193F1A-B734-4294-9391-0C47DC08F7D2}.Release|Any CPU.Build.0 = Release|Any CPU
		{8C193F1A-B734-4294-9391-0C47DC08F7D2}.Release|x64.ActiveCfg = Release|Any CPU
		{8C193F1A-B734-4294-9391-0C47DC08F7D2}.Release|x64.Build.0 = Release|Any CPU
		{8C193F1A-B734-4294-9391-0C47DC08F7D2}.Release|x86.ActiveCfg = Release|Any CPU
		{8C193F1A-B734-4294-9391-0C47DC08F7D2}.Release|x86.Build.0 = Release|Any CPU
		{3F7A9C2E-6B1D-4A85-9E3C-7D4F1B8A2C90}.Debug|Any CPU.ActiveCfg = Debug|Any CPU
		{3F7A9C2E-6B1D-4A85-9E3C-7D4F1B8A2C90}.Debug|Any CPU.Build.0 = Debug|Any CPU
		{3F7A9C2E-6B1D-4A85-9E3C-7D4F1B8A2C90}.Debug|x64.ActiveCfg = Debug|Any CPU
		{3F7A9C2E-6B1D-4A85-9E3C-7D4F1B8A2C90}.Debug|x64.Build.0 = Debug|Any CPU
		{3F7A9C2E-6B1D-4A85-9E3C-7D4F1B8A2C90}.Debug|x86.ActiveCfg = Debug|Any CPU
		{3F7A9C2E-6B1D-4A85-9E3C-7D4F1B8A2C90}.Debug|x86.Build.0 = Debug|Any CPU
		{3F7A9C2E-6B1D-4A85-9E3C-7D4F1B8A2C90}.Release|Any CPU.ActiveCfg = Release|Any CPU
		{3F7A9C2E-6B1D-4A85-9E3C-7D4F1B8A2C90}.Release|Any CPU.Build.0 = Release|Any CPU
		{3F7A9C2E-6B1D-4A85-9E3C-7D4F1B8A2C90}.Release|x64.ActiveCfg = Release|Any CPU
		{3F7A9C2E-6B1D-4A85-9E3C-7D4F1B8A2C90}.Release|x64.Build.0 = Release|Any CPU
		{3F7A9C2E-6B1D-4A85-9E3C-7D4F1B8A2C90}.Release|x86.ActiveCfg = Release|Any CPU
		{3F7A9C2E-6B1D-4A85-9E3C-7D4F1B8A2C90}.Release|x86.Build.0 = Release|Any CPU
		{DA4953A7-DA69-409D-804E-0D5DE7394C49}.Debug|Any CPU.ActiveCfg = Debug|Any CPU
		{DA4953A7-DA69-409D-804E-0D5DE7394C49}.Debug|Any CPU.Build.0 = Debug|Any CPU
		{DA4953A7-DA69-409D-804E-0D5DE7394C49}.Debug|x64.ActiveCfg = Debug|Any CPU
		{DA4953A7-DA69-409D-804E-0D5DE7394C49}.Debug|x64.Build.0 = Debug|Any CPU
		{DA4953A7-DA69-409D-804E-0D5DE7394C49}.Debug|x86.ActiveCfg = Debug|Any CPU
		{DA4953A7-DA69-409D-804E-0D5DE7394C49}.Debug|x86.Build.0 = Debug|Any CPU
		{DA4953A7-DA69-409D-804E-0D5DE7394C49}.Release|Any CPU.ActiveCfg = Release|Any CPU
		{DA4953A7-DA69-409D-804E-0D5DE7394C49}.Release|Any CPU.Build.0 = Release|Any CPU
		{DA4953A7-DA69-409D-804E-0D5DE7394C49}.Release|x64.ActiveCfg = Release|Any CPU
		{DA4953A7-DA69-409D-804E-0D5DE7394C49}.Release|x64.Build.0 = Release|Any CPU
		{DA4953A7-DA69-409D-804E-0D5DE7394C49}.Release|x86.ActiveCfg = Release|Any CPU
		{DA4953A7-DA69-409D-804E-0D5DE7394C49}.Release|x86.Build.0 = Release|Any CPU
		{F8CFD783-F495-46F1-BAD0-E1F28DA3D3EB}.Debug|Any CPU.ActiveCfg = Debug|Any CPU
		{F8CFD783-F495-46F1-BAD0-E1F28DA3D3EB}.Debug|Any CPU.Build.0 = Debug|Any CPU
		{F8CFD783-F495-46F1-BAD0-E1F28DA3D3EB}.Debug|x64.ActiveCfg = Debug|Any CPU
		{F8CFD783-F495-46F1-BAD0-E1F28DA3D3EB}.Debug|x64.Build.0 = Debug|Any CPU
		{F8CFD783-F495-46F1-BAD0-E1F28DA3D3EB}.Debug|x86.ActiveCfg = Debug|Any CPU
		{F8CFD783-F495-46F1-BAD0-E1F28DA3D3EB}.Debug|x86.Build.0 = Debug|Any CPU
		{F8CFD783-F495-46F1-BAD0-E1F28DA3D3EB}.Release|Any CPU.ActiveCfg = Release|Any CPU
		{F8CFD783-F495-46F1-BAD0-E1F28DA3D3EB}.Release|Any CPU.Build.0 = Release|Any CPU
		{F8CFD783-F495-46F1-BAD0-E1F28DA3D3EB}.Release|x64.ActiveCfg = Release|Any CPU
		{F8CFD783-F495-46F1-BAD0-E1F28DA3D3EB}.Release|x64.Build.0 = Release|Any CPU
		{F8CFD783-F495-46F1-BAD0-E1F28DA3D3EB}.Release|x86.ActiveCfg = Release|Any CPU
		{F8CFD783-F495-46F1-BAD0-E1F28DA3D3EB}.Release|x86.Build.0 = Release|Any CPU
		{7CC0ACD1-2EAB-464D-BD5E-6751176AD128}.Debug|Any CPU.ActiveCfg = Debug|Any CPU
		{7CC0ACD1-2EAB-464D-BD5E-6751176AD128}.Debug|Any CPU.Build.0 = Debug|Any CPU
		{7CC0ACD1-2EAB-464D-BD5E-6751176AD128}.Debug|x64.ActiveCfg = Debug|Any CPU
		{7CC0ACD1-2EAB-464D-BD5E-6751176AD128}.Debug|x64.Build.0 = Debug|Any CPU
		{7CC0ACD1-2EAB-464D-BD5E-6751176AD128}.Debug|x86.ActiveCfg = Debug|Any CPU
		{7CC0ACD1-2EAB-464D-BD5E-6751176AD128}.Debug|x86.Build.0 = Debug|Any CPU
		{7CC0ACD1-2EAB-464D-BD5E-6751176AD128}.Release|Any CPU.ActiveCfg = Release|Any CPU
		{7CC0ACD1-2EAB-464D-BD5E-6751176AD128}.Release|Any CPU.Build.0 = Release|Any CPU
		{7CC0ACD1-2EAB-464D-BD5E-6751176AD128}.Release|x64.ActiveCfg = Release|Any CPU
		{7CC0ACD1-2EAB-464D-BD5E-6751176AD128}.Release|x64.Build.0 = Release|Any CPU
		{7CC0ACD1-2EAB-464D-BD5E-6751176AD128}.Release|x86.ActiveCfg = Release|Any CPU
		{7CC0ACD1-2EAB-464D-BD5E-6751176AD128}.Release|x86.Build.0 = Release|Any CPU
	EndGlobalSection
	GlobalSection(SolutionProperties) = preSolution
		HideSolutionNode = FALSE
	EndGlobalSection
	GlobalSection(NestedProjects) = preSolution
		{0B8AD6B6-5708-4CD1-A84E-C29688974E04} = {827E0CD3-B72D-47B6-A68D-7590B98EB39B}
		{89954A80-3DA8-4D13-97BA-23B2C9108482} = {827E0CD3-B72D-47B6-A68D-7590B98EB39B}
		{BA9A826B-4E68-4F56-BB03-3E2AAB299F7C} = {827E0CD3-B72D-47B6-A68D-7590B98EB39B}
		{27DA213C-F873-4D65-9179-03A0E0F95EA3} = {827E0CD3-B72D-47B6-A68D-7590B98EB39B}
		{C9B05959-0963-4975-B99E-08469EB0E660} = {827E0CD3-B72D-47B6-A68D-7590B98EB39B}
		{9D24700D-C8EB-48FB-9815-6563958DCBAB} = {827E0CD3-B72D-47B6-A68D-7590B98EB39B}
		{9FE8C854-1B7A-4206-9B3B-BB84FBEFB4DE} = {827E0CD3-B72D-47B6-A68D-7590B98EB39B}
		{1E416A03-FAEB-4232-AC60-2CAD08023194} = {827E0CD3-B72D-47B6-A68D-7590B98EB39B}
		{9CC187FC-64C5-4346-878A-47487F678934} = {827E0CD3-B72D-47B6-A68D-7590B98EB39B}
		{E3A828E5-1AE1-41A0-BF2E-1EBD800E5382} = {827E0CD3-B72D-47B6-A68D-7590B98EB39B}
		{544E31EF-B15F-483E-9672-6B4529B0A31E} = {827E0CD3-B72D-47B6-A68D-7590B98EB39B}
		{8B88AC1D-F4B9-4DBD-8634-B1A78AFE2006} = {827E0CD3-B72D-47B6-A68D-7590B98EB39B}
		{E0785C85-F660-4F9E-8CD0-9C928136AD15} = {827E0CD3-B72D-47B6-A68D-7590B98EB39B}
		{76144B99-6442-4EB5-BF50-5AC41095DE57} = {827E0CD3-B72D-47B6-A68D-7590B98EB39B}
		{8C193F1A-B734-4294-9391-0C47DC08F7D2} = {827E0CD3-B72D-47B6-A68D-7590B98EB39B}
		{3F7A9C2E-6B1D-4A85-9E3C-7D4F1B8A2C90} = {827E0CD3-B72D-47B6-A68D-7590B98EB39B}
		{7CC0ACD1-2EAB-464D-BD5E-6751176AD128} = {827E0CD3-B72D-47B6-A68D-7590B98EB39B}
	EndGlobalSection
EndGlobal
